// !$*UTF8*$!
{
	archiveVersion = 1;
	classes = {
	};
	objectVersion = 56;
	objects = {

/* Begin PBXBuildFile section */
		300367772B95CC1F00D3C84C /* LazyPhishApp.swift in Sources */ = {isa = PBXBuildFile; fileRef = 300367762B95CC1F00D3C84C /* LazyPhishApp.swift */; };
		3003677D2B95CC2400D3C84C /* Assets.xcassets in Resources */ = {isa = PBXBuildFile; fileRef = 3003677C2B95CC2400D3C84C /* Assets.xcassets */; };
		300367802B95CC2400D3C84C /* Preview Assets.xcassets in Resources */ = {isa = PBXBuildFile; fileRef = 3003677F2B95CC2400D3C84C /* Preview Assets.xcassets */; };
		300367882B95CE5B00D3C84C /* PhishRequest.swift in Sources */ = {isa = PBXBuildFile; fileRef = 300367872B95CE5B00D3C84C /* PhishRequest.swift */; };
		300396612BA5BCD0001B6C2C /* MetricStatus.swift in Sources */ = {isa = PBXBuildFile; fileRef = 300396602BA5BCD0001B6C2C /* MetricStatus.swift */; };
		300396632BA5BD00001B6C2C /* RiskLevel.swift in Sources */ = {isa = PBXBuildFile; fileRef = 300396622BA5BD00001B6C2C /* RiskLevel.swift */; };
		300396652BA5BF07001B6C2C /* PhishRequestQueue.swift in Sources */ = {isa = PBXBuildFile; fileRef = 300396642BA5BF07001B6C2C /* PhishRequestQueue.swift */; };
		3003966C2BA7489F001B6C2C /* MultiRequestView.swift in Sources */ = {isa = PBXBuildFile; fileRef = 3003966B2BA7489F001B6C2C /* MultiRequestView.swift */; };
		3003966E2BA7494E001B6C2C /* MultiRequestVM.swift in Sources */ = {isa = PBXBuildFile; fileRef = 3003966D2BA7494E001B6C2C /* MultiRequestVM.swift */; };
		30137C442BD4108C00905B15 /* MainViewPageHolder.swift in Sources */ = {isa = PBXBuildFile; fileRef = 30137C432BD4108C00905B15 /* MainViewPageHolder.swift */; };
		30137C462BD410B500905B15 /* MainSelectedPage.swift in Sources */ = {isa = PBXBuildFile; fileRef = 30137C452BD410B500905B15 /* MainSelectedPage.swift */; };
		303777452CA3B8C0001B8D67 /* BulkOPRModule.swift in Sources */ = {isa = PBXBuildFile; fileRef = 303777442CA3B8A8001B8D67 /* BulkOPRModule.swift */; };
		303777482CA3B966001B8D67 /* RequestInfo.swift in Sources */ = {isa = PBXBuildFile; fileRef = 303777472CA3B966001B8D67 /* RequestInfo.swift */; };
		3037774A2CA3B9CD001B8D67 /* OPRModule.swift in Sources */ = {isa = PBXBuildFile; fileRef = 303777492CA3B9CD001B8D67 /* OPRModule.swift */; };
		3037774C2CA3BA24001B8D67 /* RequestModule.swift in Sources */ = {isa = PBXBuildFile; fileRef = 3037774B2CA3BA24001B8D67 /* RequestModule.swift */; };
		3037774E2CA3BA34001B8D67 /* StrictURL.swift in Sources */ = {isa = PBXBuildFile; fileRef = 3037774D2CA3BA34001B8D67 /* StrictURL.swift */; };
		303777502CA3BA3F001B8D67 /* ModuleStatus.swift in Sources */ = {isa = PBXBuildFile; fileRef = 3037774F2CA3BA3F001B8D67 /* ModuleStatus.swift */; };
		303777522CA3BA93001B8D67 /* RegexModule.swift in Sources */ = {isa = PBXBuildFile; fileRef = 303777512CA3BA93001B8D67 /* RegexModule.swift */; };
		303777542CA3BD89001B8D67 /* RemoteStatus.swift in Sources */ = {isa = PBXBuildFile; fileRef = 303777532CA3BD89001B8D67 /* RemoteStatus.swift */; };
		303777562CA3DA65001B8D67 /* Semaphore.swift in Sources */ = {isa = PBXBuildFile; fileRef = 303777552CA3DA65001B8D67 /* Semaphore.swift */; };
		303777592CA3DB76001B8D67 /* TagModule.swift in Sources */ = {isa = PBXBuildFile; fileRef = 303777582CA3DB76001B8D67 /* TagModule.swift */; };
		3037775D2CA55C4D001B8D67 /* TagView.swift in Sources */ = {isa = PBXBuildFile; fileRef = 3037775C2CA55C4D001B8D67 /* TagView.swift */; };
		3037775F2CA5698E001B8D67 /* ModuleTagBehavior.swift in Sources */ = {isa = PBXBuildFile; fileRef = 3037775E2CA5698E001B8D67 /* ModuleTagBehavior.swift */; };
		303777612CA569B0001B8D67 /* ModuleTagBehaviorExtensions.swift in Sources */ = {isa = PBXBuildFile; fileRef = 303777602CA569B0001B8D67 /* ModuleTagBehaviorExtensions.swift */; };
		3037D15A2B9B6C530012104E /* RequestError.swift in Sources */ = {isa = PBXBuildFile; fileRef = 3037D1592B9B6C530012104E /* RequestError.swift */; };
		3037D15C2B9B6CA00012104E /* OPRInfo.swift in Sources */ = {isa = PBXBuildFile; fileRef = 3037D15B2B9B6CA00012104E /* OPRInfo.swift */; };
		3037D15F2B9CA1B00012104E /* AlamofireImage in Frameworks */ = {isa = PBXBuildFile; productRef = 3037D15E2B9CA1B00012104E /* AlamofireImage */; };
		304BE3912C72F0B5001A2AB0 /* AnalyticsView.swift in Sources */ = {isa = PBXBuildFile; fileRef = 304BE3902C72F0B4001A2AB0 /* AnalyticsView.swift */; };
		304BE3942C73173C001A2AB0 /* PageButton.swift in Sources */ = {isa = PBXBuildFile; fileRef = 304BE3932C73173C001A2AB0 /* PageButton.swift */; };
		304BE3962C73819C001A2AB0 /* StatusView.swift in Sources */ = {isa = PBXBuildFile; fileRef = 304BE3952C73819C001A2AB0 /* StatusView.swift */; };
		304BE3982C7389EC001A2AB0 /* SettingsView.swift in Sources */ = {isa = PBXBuildFile; fileRef = 304BE3972C7389EC001A2AB0 /* SettingsView.swift */; };
		304BE39B2C7C5A9B001A2AB0 /* KeysSettingsView.swift in Sources */ = {isa = PBXBuildFile; fileRef = 304BE39A2C7C5A9A001A2AB0 /* KeysSettingsView.swift */; };
		304BE39D2C7C5AE3001A2AB0 /* KeyService.swift in Sources */ = {isa = PBXBuildFile; fileRef = 304BE39C2C7C5AE3001A2AB0 /* KeyService.swift */; };
		304BE3A02C7DC983001A2AB0 /* BigToggleButton.swift in Sources */ = {isa = PBXBuildFile; fileRef = 304BE39F2C7DC983001A2AB0 /* BigToggleButton.swift */; };
		304BE3A72C7F11D5001A2AB0 /* WhoisModule.swift in Sources */ = {isa = PBXBuildFile; fileRef = 304BE3A62C7F11D5001A2AB0 /* WhoisModule.swift */; };
		304BE3A92C7F1320001A2AB0 /* SQIModule.swift in Sources */ = {isa = PBXBuildFile; fileRef = 304BE3A82C7F1320001A2AB0 /* SQIModule.swift */; };
		3052B7AC2CCEFEC600556CFA /* PhishML.mlpackage in Sources */ = {isa = PBXBuildFile; fileRef = 308DF4D32CCEF55C0088C645 /* PhishML.mlpackage */; };
		307A27052BA5BABC00B9D14A /* PhishInfoRemote.swift in Sources */ = {isa = PBXBuildFile; fileRef = 307A27042BA5BABC00B9D14A /* PhishInfoRemote.swift */; };
		307CBC482BCC57D3004B68A8 /* PhishInfoFormatter.swift in Sources */ = {isa = PBXBuildFile; fileRef = 307CBC472BCC57D3004B68A8 /* PhishInfoFormatter.swift */; };
		308DF4D62CCEF7400088C645 /* MLModule.swift in Sources */ = {isa = PBXBuildFile; fileRef = 308DF4D52CCEF7400088C645 /* MLModule.swift */; };
		30A80F922CB6DACA004C46C7 /* DependencyCollection.swift in Sources */ = {isa = PBXBuildFile; fileRef = 30A80F912CB6DACA004C46C7 /* DependencyCollection.swift */; };
		30A80F942CBF15DA004C46C7 /* StrictURLSLDExtension.swift in Sources */ = {isa = PBXBuildFile; fileRef = 30A80F932CBF15DA004C46C7 /* StrictURLSLDExtension.swift */; };
		30A80F962CC2BE9E004C46C7 /* EducationFile.swift in Sources */ = {isa = PBXBuildFile; fileRef = 30A80F952CC2BE9E004C46C7 /* EducationFile.swift */; };
		30A80F982CC2C100004C46C7 /* PhishingEntry.swift in Sources */ = {isa = PBXBuildFile; fileRef = 30A80F972CC2C100004C46C7 /* PhishingEntry.swift */; };
		30AA73F52C806A400075FAD3 /* PhishingCard.swift in Sources */ = {isa = PBXBuildFile; fileRef = 30AA73F42C806A400075FAD3 /* PhishingCard.swift */; };
		30AF62412BDAC9420004E8BF /* CodableCSV in Frameworks */ = {isa = PBXBuildFile; productRef = 30AF62402BDAC9420004E8BF /* CodableCSV */; };
		30B1C5CF2BD020E000D275D4 /* ThrowingOPRInfoList.swift in Sources */ = {isa = PBXBuildFile; fileRef = 30B1C5CE2BD020E000D275D4 /* ThrowingOPRInfoList.swift */; };
		30B1C5D52BD122A000D275D4 /* SingleRequestView.swift in Sources */ = {isa = PBXBuildFile; fileRef = 30B1C5D42BD122A000D275D4 /* SingleRequestView.swift */; };
		30B1C5D72BD122AE00D275D4 /* SingleRequestVM.swift in Sources */ = {isa = PBXBuildFile; fileRef = 30B1C5D62BD122AE00D275D4 /* SingleRequestVM.swift */; };
		30B1C5D92BD122F300D275D4 /* MainView.swift in Sources */ = {isa = PBXBuildFile; fileRef = 30B1C5D82BD122F300D275D4 /* MainView.swift */; };
		30B1C5DB2BD1231400D275D4 /* MainViewVM.swift in Sources */ = {isa = PBXBuildFile; fileRef = 30B1C5DA2BD1231400D275D4 /* MainViewVM.swift */; };
		30B9B9A72B9A13410063ADB3 /* Alamofire in Frameworks */ = {isa = PBXBuildFile; productRef = 30B9B9A62B9A13410063ADB3 /* Alamofire */; };
		30CE1AAB2BD58A8B001B022F /* GlobalVM.swift in Sources */ = {isa = PBXBuildFile; fileRef = 30CE1AAA2BD58A8B001B022F /* GlobalVM.swift */; };
		30CE1AB02BD66CD9001B022F /* WrappingHStack in Frameworks */ = {isa = PBXBuildFile; productRef = 30CE1AAF2BD66CD9001B022F /* WrappingHStack */; };
		30E724A82C0F7FD20082ED54 /* WhoisConnection.swift in Sources */ = {isa = PBXBuildFile; fileRef = 30E724A72C0F7FD20082ED54 /* WhoisConnection.swift */; };
		30E724BD2C11BC6B0082ED54 /* LoggerExtension.swift in Sources */ = {isa = PBXBuildFile; fileRef = 30E724BC2C11BC6B0082ED54 /* LoggerExtension.swift */; };
/* End PBXBuildFile section */

/* Begin PBXFileReference section */
		300367732B95CC1F00D3C84C /* LazyPhish.app */ = {isa = PBXFileReference; explicitFileType = wrapper.application; includeInIndex = 0; path = LazyPhish.app; sourceTree = BUILT_PRODUCTS_DIR; };
		300367762B95CC1F00D3C84C /* LazyPhishApp.swift */ = {isa = PBXFileReference; lastKnownFileType = sourcecode.swift; path = LazyPhishApp.swift; sourceTree = "<group>"; };
		3003677C2B95CC2400D3C84C /* Assets.xcassets */ = {isa = PBXFileReference; lastKnownFileType = folder.assetcatalog; path = Assets.xcassets; sourceTree = "<group>"; };
		3003677F2B95CC2400D3C84C /* Preview Assets.xcassets */ = {isa = PBXFileReference; lastKnownFileType = folder.assetcatalog; path = "Preview Assets.xcassets"; sourceTree = "<group>"; };
		300367812B95CC2400D3C84C /* LazyPhish.entitlements */ = {isa = PBXFileReference; lastKnownFileType = text.plist.entitlements; path = LazyPhish.entitlements; sourceTree = "<group>"; };
		300367872B95CE5B00D3C84C /* PhishRequest.swift */ = {isa = PBXFileReference; lastKnownFileType = sourcecode.swift; path = PhishRequest.swift; sourceTree = "<group>"; };
		300396602BA5BCD0001B6C2C /* MetricStatus.swift */ = {isa = PBXFileReference; lastKnownFileType = sourcecode.swift; path = MetricStatus.swift; sourceTree = "<group>"; };
		300396622BA5BD00001B6C2C /* RiskLevel.swift */ = {isa = PBXFileReference; lastKnownFileType = sourcecode.swift; path = RiskLevel.swift; sourceTree = "<group>"; };
		300396642BA5BF07001B6C2C /* PhishRequestQueue.swift */ = {isa = PBXFileReference; lastKnownFileType = sourcecode.swift; path = PhishRequestQueue.swift; sourceTree = "<group>"; };
		3003966B2BA7489F001B6C2C /* MultiRequestView.swift */ = {isa = PBXFileReference; lastKnownFileType = sourcecode.swift; path = MultiRequestView.swift; sourceTree = "<group>"; };
		3003966D2BA7494E001B6C2C /* MultiRequestVM.swift */ = {isa = PBXFileReference; lastKnownFileType = sourcecode.swift; path = MultiRequestVM.swift; sourceTree = "<group>"; };
		30137C432BD4108C00905B15 /* MainViewPageHolder.swift */ = {isa = PBXFileReference; lastKnownFileType = sourcecode.swift; path = MainViewPageHolder.swift; sourceTree = "<group>"; };
		30137C452BD410B500905B15 /* MainSelectedPage.swift */ = {isa = PBXFileReference; lastKnownFileType = sourcecode.swift; path = MainSelectedPage.swift; sourceTree = "<group>"; };
		303777442CA3B8A8001B8D67 /* BulkOPRModule.swift */ = {isa = PBXFileReference; lastKnownFileType = sourcecode.swift; path = BulkOPRModule.swift; sourceTree = "<group>"; };
		303777472CA3B966001B8D67 /* RequestInfo.swift */ = {isa = PBXFileReference; lastKnownFileType = sourcecode.swift; path = RequestInfo.swift; sourceTree = "<group>"; };
		303777492CA3B9CD001B8D67 /* OPRModule.swift */ = {isa = PBXFileReference; lastKnownFileType = sourcecode.swift; path = OPRModule.swift; sourceTree = "<group>"; };
		3037774B2CA3BA24001B8D67 /* RequestModule.swift */ = {isa = PBXFileReference; lastKnownFileType = sourcecode.swift; path = RequestModule.swift; sourceTree = "<group>"; };
		3037774D2CA3BA34001B8D67 /* StrictURL.swift */ = {isa = PBXFileReference; lastKnownFileType = sourcecode.swift; path = StrictURL.swift; sourceTree = "<group>"; };
		3037774F2CA3BA3F001B8D67 /* ModuleStatus.swift */ = {isa = PBXFileReference; lastKnownFileType = sourcecode.swift; path = ModuleStatus.swift; sourceTree = "<group>"; };
		303777512CA3BA93001B8D67 /* RegexModule.swift */ = {isa = PBXFileReference; lastKnownFileType = sourcecode.swift; path = RegexModule.swift; sourceTree = "<group>"; };
		303777532CA3BD89001B8D67 /* RemoteStatus.swift */ = {isa = PBXFileReference; lastKnownFileType = sourcecode.swift; path = RemoteStatus.swift; sourceTree = "<group>"; };
		303777552CA3DA65001B8D67 /* Semaphore.swift */ = {isa = PBXFileReference; lastKnownFileType = sourcecode.swift; path = Semaphore.swift; sourceTree = "<group>"; };
		303777582CA3DB76001B8D67 /* TagModule.swift */ = {isa = PBXFileReference; lastKnownFileType = sourcecode.swift; path = TagModule.swift; sourceTree = "<group>"; };
		3037775C2CA55C4D001B8D67 /* TagView.swift */ = {isa = PBXFileReference; lastKnownFileType = sourcecode.swift; path = TagView.swift; sourceTree = "<group>"; };
		3037775E2CA5698E001B8D67 /* ModuleTagBehavior.swift */ = {isa = PBXFileReference; lastKnownFileType = sourcecode.swift; path = ModuleTagBehavior.swift; sourceTree = "<group>"; };
		303777602CA569B0001B8D67 /* ModuleTagBehaviorExtensions.swift */ = {isa = PBXFileReference; lastKnownFileType = sourcecode.swift; path = ModuleTagBehaviorExtensions.swift; sourceTree = "<group>"; };
		3037D1592B9B6C530012104E /* RequestError.swift */ = {isa = PBXFileReference; lastKnownFileType = sourcecode.swift; path = RequestError.swift; sourceTree = "<group>"; };
		3037D15B2B9B6CA00012104E /* OPRInfo.swift */ = {isa = PBXFileReference; lastKnownFileType = sourcecode.swift; path = OPRInfo.swift; sourceTree = "<group>"; };
		304BE3902C72F0B4001A2AB0 /* AnalyticsView.swift */ = {isa = PBXFileReference; lastKnownFileType = sourcecode.swift; path = AnalyticsView.swift; sourceTree = "<group>"; };
		304BE3932C73173C001A2AB0 /* PageButton.swift */ = {isa = PBXFileReference; lastKnownFileType = sourcecode.swift; path = PageButton.swift; sourceTree = "<group>"; };
		304BE3952C73819C001A2AB0 /* StatusView.swift */ = {isa = PBXFileReference; lastKnownFileType = sourcecode.swift; path = StatusView.swift; sourceTree = "<group>"; };
		304BE3972C7389EC001A2AB0 /* SettingsView.swift */ = {isa = PBXFileReference; lastKnownFileType = sourcecode.swift; path = SettingsView.swift; sourceTree = "<group>"; };
		304BE39A2C7C5A9A001A2AB0 /* KeysSettingsView.swift */ = {isa = PBXFileReference; lastKnownFileType = sourcecode.swift; path = KeysSettingsView.swift; sourceTree = "<group>"; };
		304BE39C2C7C5AE3001A2AB0 /* KeyService.swift */ = {isa = PBXFileReference; lastKnownFileType = sourcecode.swift; path = KeyService.swift; sourceTree = "<group>"; };
		304BE39F2C7DC983001A2AB0 /* BigToggleButton.swift */ = {isa = PBXFileReference; lastKnownFileType = sourcecode.swift; path = BigToggleButton.swift; sourceTree = "<group>"; };
		304BE3A62C7F11D5001A2AB0 /* WhoisModule.swift */ = {isa = PBXFileReference; lastKnownFileType = sourcecode.swift; path = WhoisModule.swift; sourceTree = "<group>"; };
		304BE3A82C7F1320001A2AB0 /* SQIModule.swift */ = {isa = PBXFileReference; lastKnownFileType = sourcecode.swift; path = SQIModule.swift; sourceTree = "<group>"; };
		307A27042BA5BABC00B9D14A /* PhishInfoRemote.swift */ = {isa = PBXFileReference; lastKnownFileType = sourcecode.swift; path = PhishInfoRemote.swift; sourceTree = "<group>"; };
		307CBC472BCC57D3004B68A8 /* PhishInfoFormatter.swift */ = {isa = PBXFileReference; lastKnownFileType = sourcecode.swift; path = PhishInfoFormatter.swift; sourceTree = "<group>"; };
		308DF4D32CCEF55C0088C645 /* PhishML.mlpackage */ = {isa = PBXFileReference; lastKnownFileType = folder.mlpackage; path = PhishML.mlpackage; sourceTree = "<group>"; };
		308DF4D52CCEF7400088C645 /* MLModule.swift */ = {isa = PBXFileReference; lastKnownFileType = sourcecode.swift; path = MLModule.swift; sourceTree = "<group>"; };
		30A80F912CB6DACA004C46C7 /* DependencyCollection.swift */ = {isa = PBXFileReference; lastKnownFileType = sourcecode.swift; path = DependencyCollection.swift; sourceTree = "<group>"; };
		30A80F932CBF15DA004C46C7 /* StrictURLSLDExtension.swift */ = {isa = PBXFileReference; lastKnownFileType = sourcecode.swift; path = StrictURLSLDExtension.swift; sourceTree = "<group>"; };
		30A80F952CC2BE9E004C46C7 /* EducationFile.swift */ = {isa = PBXFileReference; lastKnownFileType = sourcecode.swift; path = EducationFile.swift; sourceTree = "<group>"; };
		30A80F972CC2C100004C46C7 /* PhishingEntry.swift */ = {isa = PBXFileReference; lastKnownFileType = sourcecode.swift; path = PhishingEntry.swift; sourceTree = "<group>"; };
		30AA73F42C806A400075FAD3 /* PhishingCard.swift */ = {isa = PBXFileReference; lastKnownFileType = sourcecode.swift; path = PhishingCard.swift; sourceTree = "<group>"; };
		30B1C5CE2BD020E000D275D4 /* ThrowingOPRInfoList.swift */ = {isa = PBXFileReference; lastKnownFileType = sourcecode.swift; path = ThrowingOPRInfoList.swift; sourceTree = "<group>"; };
		30B1C5D42BD122A000D275D4 /* SingleRequestView.swift */ = {isa = PBXFileReference; fileEncoding = 4; lastKnownFileType = sourcecode.swift; path = SingleRequestView.swift; sourceTree = "<group>"; };
		30B1C5D62BD122AE00D275D4 /* SingleRequestVM.swift */ = {isa = PBXFileReference; fileEncoding = 4; lastKnownFileType = sourcecode.swift; path = SingleRequestVM.swift; sourceTree = "<group>"; };
		30B1C5D82BD122F300D275D4 /* MainView.swift */ = {isa = PBXFileReference; lastKnownFileType = sourcecode.swift; path = MainView.swift; sourceTree = "<group>"; };
		30B1C5DA2BD1231400D275D4 /* MainViewVM.swift */ = {isa = PBXFileReference; lastKnownFileType = sourcecode.swift; path = MainViewVM.swift; sourceTree = "<group>"; };
		30CE1AAA2BD58A8B001B022F /* GlobalVM.swift */ = {isa = PBXFileReference; lastKnownFileType = sourcecode.swift; path = GlobalVM.swift; sourceTree = "<group>"; };
		30E724A72C0F7FD20082ED54 /* WhoisConnection.swift */ = {isa = PBXFileReference; lastKnownFileType = sourcecode.swift; path = WhoisConnection.swift; sourceTree = "<group>"; };
		30E724BC2C11BC6B0082ED54 /* LoggerExtension.swift */ = {isa = PBXFileReference; lastKnownFileType = sourcecode.swift; path = LoggerExtension.swift; sourceTree = "<group>"; };
/* End PBXFileReference section */

/* Begin PBXFrameworksBuildPhase section */
		300367702B95CC1F00D3C84C /* Frameworks */ = {
			isa = PBXFrameworksBuildPhase;
			buildActionMask = 2147483647;
			files = (
				30B9B9A72B9A13410063ADB3 /* Alamofire in Frameworks */,
				3037D15F2B9CA1B00012104E /* AlamofireImage in Frameworks */,
				30AF62412BDAC9420004E8BF /* CodableCSV in Frameworks */,
				30CE1AB02BD66CD9001B022F /* WrappingHStack in Frameworks */,
			);
			runOnlyForDeploymentPostprocessing = 0;
		};
/* End PBXFrameworksBuildPhase section */

/* Begin PBXGroup section */
		3003676A2B95CC1F00D3C84C = {
			isa = PBXGroup;
			children = (
				300367752B95CC1F00D3C84C /* LazyPhish */,
				300367742B95CC1F00D3C84C /* Products */,
				3003679A2B97452500D3C84C /* Frameworks */,
			);
			sourceTree = "<group>";
		};
		300367742B95CC1F00D3C84C /* Products */ = {
			isa = PBXGroup;
			children = (
				300367732B95CC1F00D3C84C /* LazyPhish.app */,
			);
			name = Products;
			sourceTree = "<group>";
		};
		300367752B95CC1F00D3C84C /* LazyPhish */ = {
			isa = PBXGroup;
			children = (
				30815DFC2BF3B4F100A7DBAC /* PhishML */,
				3003966A2BA6020C001B6C2C /* Views */,
				30B9B99F2B997F350063ADB3 /* ViewModels */,
				3037D1552B9B6C050012104E /* Models */,
				300367762B95CC1F00D3C84C /* LazyPhishApp.swift */,
				3003677C2B95CC2400D3C84C /* Assets.xcassets */,
				300367812B95CC2400D3C84C /* LazyPhish.entitlements */,
				3003677E2B95CC2400D3C84C /* Preview Content */,
			);
			path = LazyPhish;
			sourceTree = "<group>";
		};
		3003677E2B95CC2400D3C84C /* Preview Content */ = {
			isa = PBXGroup;
			children = (
				3003677F2B95CC2400D3C84C /* Preview Assets.xcassets */,
			);
			path = "Preview Content";
			sourceTree = "<group>";
		};
		3003679A2B97452500D3C84C /* Frameworks */ = {
			isa = PBXGroup;
			children = (
			);
			name = Frameworks;
			sourceTree = "<group>";
		};
		3003965F2BA5BC1F001B6C2C /* Phishing */ = {
			isa = PBXGroup;
			children = (
				303777462CA3B8C6001B8D67 /* Modules */,
				30A80F972CC2C100004C46C7 /* PhishingEntry.swift */,
				307CBC472BCC57D3004B68A8 /* PhishInfoFormatter.swift */,
				3037D1592B9B6C530012104E /* RequestError.swift */,
				300367872B95CE5B00D3C84C /* PhishRequest.swift */,
				300396642BA5BF07001B6C2C /* PhishRequestQueue.swift */,
				303777552CA3DA65001B8D67 /* Semaphore.swift */,
				3037D15B2B9B6CA00012104E /* OPRInfo.swift */,
				307A27042BA5BABC00B9D14A /* PhishInfoRemote.swift */,
				303777532CA3BD89001B8D67 /* RemoteStatus.swift */,
				300396602BA5BCD0001B6C2C /* MetricStatus.swift */,
				303777472CA3B966001B8D67 /* RequestInfo.swift */,
				30A80F912CB6DACA004C46C7 /* DependencyCollection.swift */,
			);
			path = Phishing;
			sourceTree = "<group>";
		};
		3003966A2BA6020C001B6C2C /* Views */ = {
			isa = PBXGroup;
			children = (
				303777572CA3DB58001B8D67 /* ModuleViews */,
				304BE39E2C7DC92E001A2AB0 /* ControlStyles */,
				304BE3922C7316F4001A2AB0 /* Controls */,
				30B1C5D42BD122A000D275D4 /* SingleRequestView.swift */,
				3003966B2BA7489F001B6C2C /* MultiRequestView.swift */,
				30B1C5D82BD122F300D275D4 /* MainView.swift */,
				304BE3902C72F0B4001A2AB0 /* AnalyticsView.swift */,
				304BE3972C7389EC001A2AB0 /* SettingsView.swift */,
				304BE39A2C7C5A9A001A2AB0 /* KeysSettingsView.swift */,
			);
			path = Views;
			sourceTree = "<group>";
		};
		30137C422BD4106300905B15 /* Frontend */ = {
			isa = PBXGroup;
			children = (
				30137C432BD4108C00905B15 /* MainViewPageHolder.swift */,
				30137C452BD410B500905B15 /* MainSelectedPage.swift */,
			);
			path = Frontend;
			sourceTree = "<group>";
		};
		303777462CA3B8C6001B8D67 /* Modules */ = {
			isa = PBXGroup;
			children = (
				303777442CA3B8A8001B8D67 /* BulkOPRModule.swift */,
				303777492CA3B9CD001B8D67 /* OPRModule.swift */,
				303777512CA3BA93001B8D67 /* RegexModule.swift */,
				304BE3A62C7F11D5001A2AB0 /* WhoisModule.swift */,
				304BE3A82C7F1320001A2AB0 /* SQIModule.swift */,
			);
			path = Modules;
			sourceTree = "<group>";
		};
		303777572CA3DB58001B8D67 /* ModuleViews */ = {
			isa = PBXGroup;
			children = (
				303777582CA3DB76001B8D67 /* TagModule.swift */,
				303777602CA569B0001B8D67 /* ModuleTagBehaviorExtensions.swift */,
				3037775E2CA5698E001B8D67 /* ModuleTagBehavior.swift */,
			);
			path = ModuleViews;
			sourceTree = "<group>";
		};
		3037D1552B9B6C050012104E /* Models */ = {
			isa = PBXGroup;
			children = (
				30137C422BD4106300905B15 /* Frontend */,
				3003965F2BA5BC1F001B6C2C /* Phishing */,
				300396622BA5BD00001B6C2C /* RiskLevel.swift */,
				30B1C5CE2BD020E000D275D4 /* ThrowingOPRInfoList.swift */,
				30E724A72C0F7FD20082ED54 /* WhoisConnection.swift */,
				30E724BC2C11BC6B0082ED54 /* LoggerExtension.swift */,
				304BE39C2C7C5AE3001A2AB0 /* KeyService.swift */,
				3037774F2CA3BA3F001B8D67 /* ModuleStatus.swift */,
				3037774D2CA3BA34001B8D67 /* StrictURL.swift */,
				30A80F932CBF15DA004C46C7 /* StrictURLSLDExtension.swift */,
				3037774B2CA3BA24001B8D67 /* RequestModule.swift */,
				30A80F952CC2BE9E004C46C7 /* EducationFile.swift */,
			);
			path = Models;
			sourceTree = "<group>";
		};
		304BE3922C7316F4001A2AB0 /* Controls */ = {
			isa = PBXGroup;
			children = (
				3037775C2CA55C4D001B8D67 /* TagView.swift */,
				304BE3932C73173C001A2AB0 /* PageButton.swift */,
				304BE3952C73819C001A2AB0 /* StatusView.swift */,
				30AA73F42C806A400075FAD3 /* PhishingCard.swift */,
			);
			path = Controls;
			sourceTree = "<group>";
		};
		304BE39E2C7DC92E001A2AB0 /* ControlStyles */ = {
			isa = PBXGroup;
			children = (
				304BE39F2C7DC983001A2AB0 /* BigToggleButton.swift */,
			);
			path = ControlStyles;
			sourceTree = "<group>";
		};
		30815DFC2BF3B4F100A7DBAC /* PhishML */ = {
			isa = PBXGroup;
			children = (
				308DF4D32CCEF55C0088C645 /* PhishML.mlpackage */,
				308DF4D52CCEF7400088C645 /* MLModule.swift */,
			);
			path = PhishML;
			sourceTree = "<group>";
		};
		30B9B99F2B997F350063ADB3 /* ViewModels */ = {
			isa = PBXGroup;
			children = (
				30B1C5D62BD122AE00D275D4 /* SingleRequestVM.swift */,
				3003966D2BA7494E001B6C2C /* MultiRequestVM.swift */,
				30B1C5DA2BD1231400D275D4 /* MainViewVM.swift */,
				30CE1AAA2BD58A8B001B022F /* GlobalVM.swift */,
			);
			path = ViewModels;
			sourceTree = "<group>";
		};
/* End PBXGroup section */

/* Begin PBXNativeTarget section */
		300367722B95CC1F00D3C84C /* LazyPhish */ = {
			isa = PBXNativeTarget;
			buildConfigurationList = 300367842B95CC2400D3C84C /* Build configuration list for PBXNativeTarget "LazyPhish" */;
			buildPhases = (
				3003676F2B95CC1F00D3C84C /* Sources */,
				300367702B95CC1F00D3C84C /* Frameworks */,
				300367712B95CC1F00D3C84C /* Resources */,
				307CBC462BCA68CC004B68A8 /* ShellScript */,
			);
			buildRules = (
			);
			dependencies = (
			);
			name = LazyPhish;
			packageProductDependencies = (
				30B9B9A62B9A13410063ADB3 /* Alamofire */,
				3037D15E2B9CA1B00012104E /* AlamofireImage */,
				30CE1AAF2BD66CD9001B022F /* WrappingHStack */,
				30AF62402BDAC9420004E8BF /* CodableCSV */,
			);
			productName = LazyPhish;
			productReference = 300367732B95CC1F00D3C84C /* LazyPhish.app */;
			productType = "com.apple.product-type.application";
		};
/* End PBXNativeTarget section */

/* Begin PBXProject section */
		3003676B2B95CC1F00D3C84C /* Project object */ = {
			isa = PBXProject;
			attributes = {
				BuildIndependentTargetsInParallel = 1;
				LastSwiftUpdateCheck = 1520;
				LastUpgradeCheck = 1530;
				TargetAttributes = {
					300367722B95CC1F00D3C84C = {
						CreatedOnToolsVersion = 15.2;
					};
				};
			};
			buildConfigurationList = 3003676E2B95CC1F00D3C84C /* Build configuration list for PBXProject "LazyPhish" */;
			compatibilityVersion = "Xcode 14.0";
			developmentRegion = en;
			hasScannedForEncodings = 0;
			knownRegions = (
				en,
				Base,
			);
			mainGroup = 3003676A2B95CC1F00D3C84C;
			packageReferences = (
				30B9B9A52B9A101D0063ADB3 /* XCRemoteSwiftPackageReference "Alamofire" */,
				3037D15D2B9CA1B00012104E /* XCRemoteSwiftPackageReference "AlamofireImage" */,
				30CE1AAE2BD66C72001B022F /* XCRemoteSwiftPackageReference "WrappingHStack" */,
				30AF623F2BDAC9420004E8BF /* XCRemoteSwiftPackageReference "CodableCSV" */,
			);
			productRefGroup = 300367742B95CC1F00D3C84C /* Products */;
			projectDirPath = "";
			projectRoot = "";
			targets = (
				300367722B95CC1F00D3C84C /* LazyPhish */,
			);
		};
/* End PBXProject section */

/* Begin PBXResourcesBuildPhase section */
		300367712B95CC1F00D3C84C /* Resources */ = {
			isa = PBXResourcesBuildPhase;
			buildActionMask = 2147483647;
			files = (
				300367802B95CC2400D3C84C /* Preview Assets.xcassets in Resources */,
				3003677D2B95CC2400D3C84C /* Assets.xcassets in Resources */,
			);
			runOnlyForDeploymentPostprocessing = 0;
		};
/* End PBXResourcesBuildPhase section */

/* Begin PBXShellScriptBuildPhase section */
		307CBC462BCA68CC004B68A8 /* ShellScript */ = {
			isa = PBXShellScriptBuildPhase;
			alwaysOutOfDate = 1;
			buildActionMask = 12;
			files = (
			);
			inputFileListPaths = (
			);
			inputPaths = (
			);
			outputFileListPaths = (
			);
			outputPaths = (
			);
			runOnlyForDeploymentPostprocessing = 0;
			shellPath = /bin/sh;
			shellScript = "# Type a script or drag a script file from your workspace to insert its path.\nif which swiftlint >/dev/null; then\n  swiftlint\nelse\n  echo \"error: SwiftLint does not exist, download it from https://github.com/realm/SwiftLint\"\n  exit 1\nfi\n";
		};
/* End PBXShellScriptBuildPhase section */

/* Begin PBXSourcesBuildPhase section */
		3003676F2B95CC1F00D3C84C /* Sources */ = {
			isa = PBXSourcesBuildPhase;
			buildActionMask = 2147483647;
			files = (
				3052B7AC2CCEFEC600556CFA /* PhishML.mlpackage in Sources */,
				308DF4D62CCEF7400088C645 /* MLModule.swift in Sources */,
				304BE3982C7389EC001A2AB0 /* SettingsView.swift in Sources */,
				3037774A2CA3B9CD001B8D67 /* OPRModule.swift in Sources */,
				304BE39B2C7C5A9B001A2AB0 /* KeysSettingsView.swift in Sources */,
				3003966C2BA7489F001B6C2C /* MultiRequestView.swift in Sources */,
				30A80F942CBF15DA004C46C7 /* StrictURLSLDExtension.swift in Sources */,
				30A80F962CC2BE9E004C46C7 /* EducationFile.swift in Sources */,
				304BE39D2C7C5AE3001A2AB0 /* KeyService.swift in Sources */,
				30137C442BD4108C00905B15 /* MainViewPageHolder.swift in Sources */,
				300396632BA5BD00001B6C2C /* RiskLevel.swift in Sources */,
				3037D15C2B9B6CA00012104E /* OPRInfo.swift in Sources */,
				30E724A82C0F7FD20082ED54 /* WhoisConnection.swift in Sources */,
				307CBC482BCC57D3004B68A8 /* PhishInfoFormatter.swift in Sources */,
				30A80F982CC2C100004C46C7 /* PhishingEntry.swift in Sources */,
				307A27052BA5BABC00B9D14A /* PhishInfoRemote.swift in Sources */,
				304BE3A92C7F1320001A2AB0 /* SQIModule.swift in Sources */,
				30B1C5CF2BD020E000D275D4 /* ThrowingOPRInfoList.swift in Sources */,
				303777542CA3BD89001B8D67 /* RemoteStatus.swift in Sources */,
				303777562CA3DA65001B8D67 /* Semaphore.swift in Sources */,
				304BE3962C73819C001A2AB0 /* StatusView.swift in Sources */,
				30137C462BD410B500905B15 /* MainSelectedPage.swift in Sources */,
				303777502CA3BA3F001B8D67 /* ModuleStatus.swift in Sources */,
				30E724BD2C11BC6B0082ED54 /* LoggerExtension.swift in Sources */,
				3003966E2BA7494E001B6C2C /* MultiRequestVM.swift in Sources */,
				30B1C5D52BD122A000D275D4 /* SingleRequestView.swift in Sources */,
				3037D15A2B9B6C530012104E /* RequestError.swift in Sources */,
				304BE3912C72F0B5001A2AB0 /* AnalyticsView.swift in Sources */,
				304BE3A02C7DC983001A2AB0 /* BigToggleButton.swift in Sources */,
				3037774E2CA3BA34001B8D67 /* StrictURL.swift in Sources */,
				30A80F922CB6DACA004C46C7 /* DependencyCollection.swift in Sources */,
				30B1C5D72BD122AE00D275D4 /* SingleRequestVM.swift in Sources */,
				30B1C5D92BD122F300D275D4 /* MainView.swift in Sources */,
				303777482CA3B966001B8D67 /* RequestInfo.swift in Sources */,
				3037775F2CA5698E001B8D67 /* ModuleTagBehavior.swift in Sources */,
				30B1C5DB2BD1231400D275D4 /* MainViewVM.swift in Sources */,
				30CE1AAB2BD58A8B001B022F /* GlobalVM.swift in Sources */,
				300367772B95CC1F00D3C84C /* LazyPhishApp.swift in Sources */,
				304BE3942C73173C001A2AB0 /* PageButton.swift in Sources */,
				300396652BA5BF07001B6C2C /* PhishRequestQueue.swift in Sources */,
				303777592CA3DB76001B8D67 /* TagModule.swift in Sources */,
				300367882B95CE5B00D3C84C /* PhishRequest.swift in Sources */,
				30AA73F52C806A400075FAD3 /* PhishingCard.swift in Sources */,
				3037775D2CA55C4D001B8D67 /* TagView.swift in Sources */,
				300396612BA5BCD0001B6C2C /* MetricStatus.swift in Sources */,
				303777522CA3BA93001B8D67 /* RegexModule.swift in Sources */,
				303777452CA3B8C0001B8D67 /* BulkOPRModule.swift in Sources */,
				304BE3A72C7F11D5001A2AB0 /* WhoisModule.swift in Sources */,
				303777612CA569B0001B8D67 /* ModuleTagBehaviorExtensions.swift in Sources */,
				3037774C2CA3BA24001B8D67 /* RequestModule.swift in Sources */,
			);
			runOnlyForDeploymentPostprocessing = 0;
		};
/* End PBXSourcesBuildPhase section */

/* Begin XCBuildConfiguration section */
		300367822B95CC2400D3C84C /* Debug */ = {
			isa = XCBuildConfiguration;
			buildSettings = {
				ALWAYS_SEARCH_USER_PATHS = NO;
				ASSETCATALOG_COMPILER_GENERATE_SWIFT_ASSET_SYMBOL_EXTENSIONS = YES;
				CLANG_ANALYZER_NONNULL = YES;
				CLANG_ANALYZER_NUMBER_OBJECT_CONVERSION = YES_AGGRESSIVE;
				CLANG_CXX_LANGUAGE_STANDARD = "gnu++20";
				CLANG_ENABLE_MODULES = YES;
				CLANG_ENABLE_OBJC_ARC = YES;
				CLANG_ENABLE_OBJC_WEAK = YES;
				CLANG_WARN_BLOCK_CAPTURE_AUTORELEASING = YES;
				CLANG_WARN_BOOL_CONVERSION = YES;
				CLANG_WARN_COMMA = YES;
				CLANG_WARN_CONSTANT_CONVERSION = YES;
				CLANG_WARN_DEPRECATED_OBJC_IMPLEMENTATIONS = YES;
				CLANG_WARN_DIRECT_OBJC_ISA_USAGE = YES_ERROR;
				CLANG_WARN_DOCUMENTATION_COMMENTS = YES;
				CLANG_WARN_EMPTY_BODY = YES;
				CLANG_WARN_ENUM_CONVERSION = YES;
				CLANG_WARN_INFINITE_RECURSION = YES;
				CLANG_WARN_INT_CONVERSION = YES;
				CLANG_WARN_NON_LITERAL_NULL_CONVERSION = YES;
				CLANG_WARN_OBJC_IMPLICIT_RETAIN_SELF = YES;
				CLANG_WARN_OBJC_LITERAL_CONVERSION = YES;
				CLANG_WARN_OBJC_ROOT_CLASS = YES_ERROR;
				CLANG_WARN_QUOTED_INCLUDE_IN_FRAMEWORK_HEADER = YES;
				CLANG_WARN_RANGE_LOOP_ANALYSIS = YES;
				CLANG_WARN_STRICT_PROTOTYPES = YES;
				CLANG_WARN_SUSPICIOUS_MOVE = YES;
				CLANG_WARN_UNGUARDED_AVAILABILITY = YES_AGGRESSIVE;
				CLANG_WARN_UNREACHABLE_CODE = YES;
				CLANG_WARN__DUPLICATE_METHOD_MATCH = YES;
				COPY_PHASE_STRIP = NO;
				DEAD_CODE_STRIPPING = YES;
				DEBUG_INFORMATION_FORMAT = dwarf;
				ENABLE_STRICT_OBJC_MSGSEND = YES;
				ENABLE_TESTABILITY = YES;
				ENABLE_USER_SCRIPT_SANDBOXING = NO;
				GCC_C_LANGUAGE_STANDARD = gnu17;
				GCC_DYNAMIC_NO_PIC = NO;
				GCC_NO_COMMON_BLOCKS = YES;
				GCC_OPTIMIZATION_LEVEL = 0;
				GCC_PREPROCESSOR_DEFINITIONS = (
					"DEBUG=1",
					"$(inherited)",
				);
				GCC_WARN_64_TO_32_BIT_CONVERSION = YES;
				GCC_WARN_ABOUT_RETURN_TYPE = YES_ERROR;
				GCC_WARN_UNDECLARED_SELECTOR = YES;
				GCC_WARN_UNINITIALIZED_AUTOS = YES_AGGRESSIVE;
				GCC_WARN_UNUSED_FUNCTION = YES;
				GCC_WARN_UNUSED_VARIABLE = YES;
				LOCALIZATION_PREFERS_STRING_CATALOGS = YES;
				MACOSX_DEPLOYMENT_TARGET = 13.0;
				MTL_ENABLE_DEBUG_INFO = INCLUDE_SOURCE;
				MTL_FAST_MATH = YES;
				ONLY_ACTIVE_ARCH = YES;
				SDKROOT = macosx;
				SWIFT_ACTIVE_COMPILATION_CONDITIONS = "DEBUG $(inherited)";
				SWIFT_OPTIMIZATION_LEVEL = "-Onone";
			};
			name = Debug;
		};
		300367832B95CC2400D3C84C /* Release */ = {
			isa = XCBuildConfiguration;
			buildSettings = {
				ALWAYS_SEARCH_USER_PATHS = NO;
				ASSETCATALOG_COMPILER_GENERATE_SWIFT_ASSET_SYMBOL_EXTENSIONS = YES;
				CLANG_ANALYZER_NONNULL = YES;
				CLANG_ANALYZER_NUMBER_OBJECT_CONVERSION = YES_AGGRESSIVE;
				CLANG_CXX_LANGUAGE_STANDARD = "gnu++20";
				CLANG_ENABLE_MODULES = YES;
				CLANG_ENABLE_OBJC_ARC = YES;
				CLANG_ENABLE_OBJC_WEAK = YES;
				CLANG_WARN_BLOCK_CAPTURE_AUTORELEASING = YES;
				CLANG_WARN_BOOL_CONVERSION = YES;
				CLANG_WARN_COMMA = YES;
				CLANG_WARN_CONSTANT_CONVERSION = YES;
				CLANG_WARN_DEPRECATED_OBJC_IMPLEMENTATIONS = YES;
				CLANG_WARN_DIRECT_OBJC_ISA_USAGE = YES_ERROR;
				CLANG_WARN_DOCUMENTATION_COMMENTS = YES;
				CLANG_WARN_EMPTY_BODY = YES;
				CLANG_WARN_ENUM_CONVERSION = YES;
				CLANG_WARN_INFINITE_RECURSION = YES;
				CLANG_WARN_INT_CONVERSION = YES;
				CLANG_WARN_NON_LITERAL_NULL_CONVERSION = YES;
				CLANG_WARN_OBJC_IMPLICIT_RETAIN_SELF = YES;
				CLANG_WARN_OBJC_LITERAL_CONVERSION = YES;
				CLANG_WARN_OBJC_ROOT_CLASS = YES_ERROR;
				CLANG_WARN_QUOTED_INCLUDE_IN_FRAMEWORK_HEADER = YES;
				CLANG_WARN_RANGE_LOOP_ANALYSIS = YES;
				CLANG_WARN_STRICT_PROTOTYPES = YES;
				CLANG_WARN_SUSPICIOUS_MOVE = YES;
				CLANG_WARN_UNGUARDED_AVAILABILITY = YES_AGGRESSIVE;
				CLANG_WARN_UNREACHABLE_CODE = YES;
				CLANG_WARN__DUPLICATE_METHOD_MATCH = YES;
				COPY_PHASE_STRIP = NO;
				DEAD_CODE_STRIPPING = YES;
				DEBUG_INFORMATION_FORMAT = "dwarf-with-dsym";
				ENABLE_NS_ASSERTIONS = NO;
				ENABLE_STRICT_OBJC_MSGSEND = YES;
				ENABLE_USER_SCRIPT_SANDBOXING = NO;
				GCC_C_LANGUAGE_STANDARD = gnu17;
				GCC_NO_COMMON_BLOCKS = YES;
				GCC_WARN_64_TO_32_BIT_CONVERSION = YES;
				GCC_WARN_ABOUT_RETURN_TYPE = YES_ERROR;
				GCC_WARN_UNDECLARED_SELECTOR = YES;
				GCC_WARN_UNINITIALIZED_AUTOS = YES_AGGRESSIVE;
				GCC_WARN_UNUSED_FUNCTION = YES;
				GCC_WARN_UNUSED_VARIABLE = YES;
				LOCALIZATION_PREFERS_STRING_CATALOGS = YES;
				MACOSX_DEPLOYMENT_TARGET = 13.0;
				MTL_ENABLE_DEBUG_INFO = NO;
				MTL_FAST_MATH = YES;
				SDKROOT = macosx;
				SWIFT_COMPILATION_MODE = wholemodule;
			};
			name = Release;
		};
		300367852B95CC2400D3C84C /* Debug */ = {
			isa = XCBuildConfiguration;
			buildSettings = {
				ASSETCATALOG_COMPILER_APPICON_NAME = AppIcon;
				ASSETCATALOG_COMPILER_GLOBAL_ACCENT_COLOR_NAME = AccentColor;
				CODE_SIGN_ENTITLEMENTS = LazyPhish/LazyPhish.entitlements;
				"CODE_SIGN_IDENTITY[sdk=macosx*]" = "Apple Development";
				CODE_SIGN_STYLE = Automatic;
				COMBINE_HIDPI_IMAGES = YES;
				CURRENT_PROJECT_VERSION = 8;
				DEAD_CODE_STRIPPING = YES;
				DEVELOPMENT_ASSET_PATHS = "\"LazyPhish/Preview Content\"";
				DEVELOPMENT_TEAM = BX3ASU46J7;
				ENABLE_HARDENED_RUNTIME = YES;
				ENABLE_PREVIEWS = YES;
				ENABLE_USER_SCRIPT_SANDBOXING = NO;
				GENERATE_INFOPLIST_FILE = YES;
				INFOPLIST_KEY_LSApplicationCategoryType = "public.app-category.developer-tools";
				INFOPLIST_KEY_NSHumanReadableCopyright = "Copyright © 2024 Roman Zheglov.\nPublished under the MIT License.";
				LD_RUNPATH_SEARCH_PATHS = (
					"$(inherited)",
					"@executable_path/../Frameworks",
				);
				MACOSX_DEPLOYMENT_TARGET = 13.0;
				MARKETING_VERSION = 1.0;
				PRODUCT_BUNDLE_IDENTIFIER = LazyFusion.LazyPhish;
				PRODUCT_NAME = "$(TARGET_NAME)";
				SWIFT_EMIT_LOC_STRINGS = YES;
				SWIFT_VERSION = 5.0;
			};
			name = Debug;
		};
		300367862B95CC2400D3C84C /* Release */ = {
			isa = XCBuildConfiguration;
			buildSettings = {
				ASSETCATALOG_COMPILER_APPICON_NAME = AppIcon;
				ASSETCATALOG_COMPILER_GLOBAL_ACCENT_COLOR_NAME = AccentColor;
				CODE_SIGN_ENTITLEMENTS = LazyPhish/LazyPhish.entitlements;
				"CODE_SIGN_IDENTITY[sdk=macosx*]" = "Apple Development";
				CODE_SIGN_STYLE = Automatic;
				COMBINE_HIDPI_IMAGES = YES;
				CURRENT_PROJECT_VERSION = 8;
				DEAD_CODE_STRIPPING = YES;
				DEVELOPMENT_ASSET_PATHS = "\"LazyPhish/Preview Content\"";
				DEVELOPMENT_TEAM = BX3ASU46J7;
				ENABLE_HARDENED_RUNTIME = YES;
				ENABLE_PREVIEWS = YES;
				ENABLE_USER_SCRIPT_SANDBOXING = NO;
				GENERATE_INFOPLIST_FILE = YES;
				INFOPLIST_KEY_LSApplicationCategoryType = "public.app-category.developer-tools";
				INFOPLIST_KEY_NSHumanReadableCopyright = "Copyright © 2024 Roman Zheglov.\nPublished under the MIT License.";
				LD_RUNPATH_SEARCH_PATHS = (
					"$(inherited)",
					"@executable_path/../Frameworks",
				);
				MACOSX_DEPLOYMENT_TARGET = 13.0;
				MARKETING_VERSION = 1.0;
				PRODUCT_BUNDLE_IDENTIFIER = LazyFusion.LazyPhish;
				PRODUCT_NAME = "$(TARGET_NAME)";
				SWIFT_EMIT_LOC_STRINGS = YES;
				SWIFT_VERSION = 5.0;
			};
			name = Release;
		};
/* End XCBuildConfiguration section */

/* Begin XCConfigurationList section */
		3003676E2B95CC1F00D3C84C /* Build configuration list for PBXProject "LazyPhish" */ = {
			isa = XCConfigurationList;
			buildConfigurations = (
				300367822B95CC2400D3C84C /* Debug */,
				300367832B95CC2400D3C84C /* Release */,
			);
			defaultConfigurationIsVisible = 0;
			defaultConfigurationName = Release;
		};
		300367842B95CC2400D3C84C /* Build configuration list for PBXNativeTarget "LazyPhish" */ = {
			isa = XCConfigurationList;
			buildConfigurations = (
				300367852B95CC2400D3C84C /* Debug */,
				300367862B95CC2400D3C84C /* Release */,
			);
			defaultConfigurationIsVisible = 0;
			defaultConfigurationName = Release;
		};
/* End XCConfigurationList section */

/* Begin XCRemoteSwiftPackageReference section */
		3037D15D2B9CA1B00012104E /* XCRemoteSwiftPackageReference "AlamofireImage" */ = {
			isa = XCRemoteSwiftPackageReference;
			repositoryURL = "https://github.com/Alamofire/AlamofireImage";
			requirement = {
				kind = upToNextMajorVersion;
				minimumVersion = 4.3.0;
			};
		};
		30AF623F2BDAC9420004E8BF /* XCRemoteSwiftPackageReference "CodableCSV" */ = {
			isa = XCRemoteSwiftPackageReference;
			repositoryURL = "https://github.com/dehesa/CodableCSV";
			requirement = {
				kind = upToNextMajorVersion;
				minimumVersion = 0.6.7;
			};
		};
		30B9B9A52B9A101D0063ADB3 /* XCRemoteSwiftPackageReference "Alamofire" */ = {
			isa = XCRemoteSwiftPackageReference;
			repositoryURL = "https://github.com/Alamofire/Alamofire";
			requirement = {
				kind = upToNextMajorVersion;
				minimumVersion = 5.9.0;
			};
		};
		30CE1AAE2BD66C72001B022F /* XCRemoteSwiftPackageReference "WrappingHStack" */ = {
			isa = XCRemoteSwiftPackageReference;
			repositoryURL = "https://github.com/dkk/WrappingHStack";
			requirement = {
				kind = upToNextMajorVersion;
				minimumVersion = 2.2.11;
			};
		};
/* End XCRemoteSwiftPackageReference section */

/* Begin XCSwiftPackageProductDependency section */
		3037D15E2B9CA1B00012104E /* AlamofireImage */ = {
			isa = XCSwiftPackageProductDependency;
			package = 3037D15D2B9CA1B00012104E /* XCRemoteSwiftPackageReference "AlamofireImage" */;
			productName = AlamofireImage;
		};
		30AF62402BDAC9420004E8BF /* CodableCSV */ = {
			isa = XCSwiftPackageProductDependency;
			package = 30AF623F2BDAC9420004E8BF /* XCRemoteSwiftPackageReference "CodableCSV" */;
			productName = CodableCSV;
		};
		30B9B9A62B9A13410063ADB3 /* Alamofire */ = {
			isa = XCSwiftPackageProductDependency;
			package = 30B9B9A52B9A101D0063ADB3 /* XCRemoteSwiftPackageReference "Alamofire" */;
			productName = Alamofire;
		};
		30CE1AAF2BD66CD9001B022F /* WrappingHStack */ = {
			isa = XCSwiftPackageProductDependency;
			package = 30CE1AAE2BD66C72001B022F /* XCRemoteSwiftPackageReference "WrappingHStack" */;
			productName = WrappingHStack;
		};
/* End XCSwiftPackageProductDependency section */
	};
	rootObject = 3003676B2B95CC1F00D3C84C /* Project object */;
}
