// !$*UTF8*$!
{
	archiveVersion = 1;
	classes = {
	};
	objectVersion = 56;
	objects = {

/* Begin PBXBuildFile section */
		300367772B95CC1F00D3C84C /* LazyPhishApp.swift in Sources */ = {isa = PBXBuildFile; fileRef = 300367762B95CC1F00D3C84C /* LazyPhishApp.swift */; };
		3003677D2B95CC2400D3C84C /* Assets.xcassets in Resources */ = {isa = PBXBuildFile; fileRef = 3003677C2B95CC2400D3C84C /* Assets.xcassets */; };
		300367802B95CC2400D3C84C /* Preview Assets.xcassets in Resources */ = {isa = PBXBuildFile; fileRef = 3003677F2B95CC2400D3C84C /* Preview Assets.xcassets */; };
		300367882B95CE5B00D3C84C /* PhishRequest.swift in Sources */ = {isa = PBXBuildFile; fileRef = 300367872B95CE5B00D3C84C /* PhishRequest.swift */; };
		300396612BA5BCD0001B6C2C /* MetricStatus.swift in Sources */ = {isa = PBXBuildFile; fileRef = 300396602BA5BCD0001B6C2C /* MetricStatus.swift */; };
		300396632BA5BD00001B6C2C /* RiskLevel.swift in Sources */ = {isa = PBXBuildFile; fileRef = 300396622BA5BD00001B6C2C /* RiskLevel.swift */; };
		300396652BA5BF07001B6C2C /* PhishRequestQueue.swift in Sources */ = {isa = PBXBuildFile; fileRef = 300396642BA5BF07001B6C2C /* PhishRequestQueue.swift */; };
		3003966C2BA7489F001B6C2C /* MultiRequestView.swift in Sources */ = {isa = PBXBuildFile; fileRef = 3003966B2BA7489F001B6C2C /* MultiRequestView.swift */; };
		3003966E2BA7494E001B6C2C /* MultiRequestVM.swift in Sources */ = {isa = PBXBuildFile; fileRef = 3003966D2BA7494E001B6C2C /* MultiRequestVM.swift */; };
		300396722BA74FEE001B6C2C /* PhishRequestSingle.swift in Sources */ = {isa = PBXBuildFile; fileRef = 300396712BA74FEE001B6C2C /* PhishRequestSingle.swift */; };
		30137C442BD4108C00905B15 /* MainViewPageHolder.swift in Sources */ = {isa = PBXBuildFile; fileRef = 30137C432BD4108C00905B15 /* MainViewPageHolder.swift */; };
		30137C462BD410B500905B15 /* MainSelectedPage.swift in Sources */ = {isa = PBXBuildFile; fileRef = 30137C452BD410B500905B15 /* MainSelectedPage.swift */; };
		3037D1572B9B6C280012104E /* MLEntry.swift in Sources */ = {isa = PBXBuildFile; fileRef = 3037D1562B9B6C280012104E /* MLEntry.swift */; };
		3037D15A2B9B6C530012104E /* RequestError.swift in Sources */ = {isa = PBXBuildFile; fileRef = 3037D1592B9B6C530012104E /* RequestError.swift */; };
		3037D15C2B9B6CA00012104E /* OPRInfo.swift in Sources */ = {isa = PBXBuildFile; fileRef = 3037D15B2B9B6CA00012104E /* OPRInfo.swift */; };
		3037D15F2B9CA1B00012104E /* AlamofireImage in Frameworks */ = {isa = PBXBuildFile; productRef = 3037D15E2B9CA1B00012104E /* AlamofireImage */; };
		3038CE5A2C8594BB00379056 /* VirusTotalPipeline.swift in Sources */ = {isa = PBXBuildFile; fileRef = 3038CE592C8594BB00379056 /* VirusTotalPipeline.swift */; };
		3038CE5D2C86D88D00379056 /* ModuleBehavior.swift in Sources */ = {isa = PBXBuildFile; fileRef = 3038CE5C2C86D88D00379056 /* ModuleBehavior.swift */; };
		3038CE5F2C86EF3C00379056 /* VirusTotalModule.swift in Sources */ = {isa = PBXBuildFile; fileRef = 3038CE5E2C86EF3C00379056 /* VirusTotalModule.swift */; };
		304BE3912C72F0B5001A2AB0 /* AnalyticsView.swift in Sources */ = {isa = PBXBuildFile; fileRef = 304BE3902C72F0B4001A2AB0 /* AnalyticsView.swift */; };
		304BE3942C73173C001A2AB0 /* PageButton.swift in Sources */ = {isa = PBXBuildFile; fileRef = 304BE3932C73173C001A2AB0 /* PageButton.swift */; };
		304BE3962C73819C001A2AB0 /* StatusView.swift in Sources */ = {isa = PBXBuildFile; fileRef = 304BE3952C73819C001A2AB0 /* StatusView.swift */; };
		304BE3982C7389EC001A2AB0 /* SettingsView.swift in Sources */ = {isa = PBXBuildFile; fileRef = 304BE3972C7389EC001A2AB0 /* SettingsView.swift */; };
		304BE39B2C7C5A9B001A2AB0 /* KeysSettingsView.swift in Sources */ = {isa = PBXBuildFile; fileRef = 304BE39A2C7C5A9A001A2AB0 /* KeysSettingsView.swift */; };
		304BE39D2C7C5AE3001A2AB0 /* KeyService.swift in Sources */ = {isa = PBXBuildFile; fileRef = 304BE39C2C7C5AE3001A2AB0 /* KeyService.swift */; };
		304BE3A02C7DC983001A2AB0 /* BigToggleButton.swift in Sources */ = {isa = PBXBuildFile; fileRef = 304BE39F2C7DC983001A2AB0 /* BigToggleButton.swift */; };
		304BE3A32C7EF883001A2AB0 /* File.swift in Sources */ = {isa = PBXBuildFile; fileRef = 304BE3A22C7EF883001A2AB0 /* File.swift */; };
		304BE3A52C7EF9D3001A2AB0 /* OPRPipeline.swift in Sources */ = {isa = PBXBuildFile; fileRef = 304BE3A42C7EF9D3001A2AB0 /* OPRPipeline.swift */; };
		304BE3A72C7F11D5001A2AB0 /* WhoisPipeline.swift in Sources */ = {isa = PBXBuildFile; fileRef = 304BE3A62C7F11D5001A2AB0 /* WhoisPipeline.swift */; };
		304BE3A92C7F1320001A2AB0 /* YandexSQIPipeline.swift in Sources */ = {isa = PBXBuildFile; fileRef = 304BE3A82C7F1320001A2AB0 /* YandexSQIPipeline.swift */; };
		307A27032BA5BA7F00B9D14A /* PhishInfo.swift in Sources */ = {isa = PBXBuildFile; fileRef = 307A27022BA5BA7F00B9D14A /* PhishInfo.swift */; };
		307A27052BA5BABC00B9D14A /* PhishInfoRemote.swift in Sources */ = {isa = PBXBuildFile; fileRef = 307A27042BA5BABC00B9D14A /* PhishInfoRemote.swift */; };
		307CBC482BCC57D3004B68A8 /* PhishInfoFormatter.swift in Sources */ = {isa = PBXBuildFile; fileRef = 307CBC472BCC57D3004B68A8 /* PhishInfoFormatter.swift */; };
		30815DF42BF374B300A7DBAC /* Vapor in Frameworks */ = {isa = PBXBuildFile; productRef = 30815DF32BF374B300A7DBAC /* Vapor */; };
		30815DF62BF3753D00A7DBAC /* ServerView.swift in Sources */ = {isa = PBXBuildFile; fileRef = 30815DF52BF3753D00A7DBAC /* ServerView.swift */; };
		30815DF82BF3756500A7DBAC /* ServerVM.swift in Sources */ = {isa = PBXBuildFile; fileRef = 30815DF72BF3756500A7DBAC /* ServerVM.swift */; };
		30815DFB2BF37A1A00A7DBAC /* Server.swift in Sources */ = {isa = PBXBuildFile; fileRef = 30815DFA2BF37A1A00A7DBAC /* Server.swift */; };
		30815E002BF3B55200A7DBAC /* PhishML.swift in Sources */ = {isa = PBXBuildFile; fileRef = 30815DFF2BF3B55200A7DBAC /* PhishML.swift */; };
		30815E022BF3B66C00A7DBAC /* LazyPhishML.mlpackage in Sources */ = {isa = PBXBuildFile; fileRef = 30815E012BF3B66C00A7DBAC /* LazyPhishML.mlpackage */; };
		30AA73F52C806A400075FAD3 /* PhishingCard.swift in Sources */ = {isa = PBXBuildFile; fileRef = 30AA73F42C806A400075FAD3 /* PhishingCard.swift */; };
		30AF623C2BDABFA80004E8BF /* Authority.plist in Resources */ = {isa = PBXBuildFile; fileRef = 30AF623B2BDABFA80004E8BF /* Authority.plist */; };
		30AF623E2BDAC6310004E8BF /* PhishFile.swift in Sources */ = {isa = PBXBuildFile; fileRef = 30AF623D2BDAC6310004E8BF /* PhishFile.swift */; };
		30AF62412BDAC9420004E8BF /* CodableCSV in Frameworks */ = {isa = PBXBuildFile; productRef = 30AF62402BDAC9420004E8BF /* CodableCSV */; };
		30B1C5CF2BD020E000D275D4 /* ThrowingOPRInfoList.swift in Sources */ = {isa = PBXBuildFile; fileRef = 30B1C5CE2BD020E000D275D4 /* ThrowingOPRInfoList.swift */; };
		30B1C5D52BD122A000D275D4 /* SingleRequestView.swift in Sources */ = {isa = PBXBuildFile; fileRef = 30B1C5D42BD122A000D275D4 /* SingleRequestView.swift */; };
		30B1C5D72BD122AE00D275D4 /* SingleRequestVM.swift in Sources */ = {isa = PBXBuildFile; fileRef = 30B1C5D62BD122AE00D275D4 /* SingleRequestVM.swift */; };
		30B1C5D92BD122F300D275D4 /* MainView.swift in Sources */ = {isa = PBXBuildFile; fileRef = 30B1C5D82BD122F300D275D4 /* MainView.swift */; };
		30B1C5DB2BD1231400D275D4 /* MainViewVM.swift in Sources */ = {isa = PBXBuildFile; fileRef = 30B1C5DA2BD1231400D275D4 /* MainViewVM.swift */; };
		30B9B9A72B9A13410063ADB3 /* Alamofire in Frameworks */ = {isa = PBXBuildFile; productRef = 30B9B9A62B9A13410063ADB3 /* Alamofire */; };
		30CE1AAB2BD58A8B001B022F /* GlobalVM.swift in Sources */ = {isa = PBXBuildFile; fileRef = 30CE1AAA2BD58A8B001B022F /* GlobalVM.swift */; };
		30CE1AB02BD66CD9001B022F /* WrappingHStack in Frameworks */ = {isa = PBXBuildFile; productRef = 30CE1AAF2BD66CD9001B022F /* WrappingHStack */; };
		30CE1AB22BD6700C001B022F /* ResultTag.swift in Sources */ = {isa = PBXBuildFile; fileRef = 30CE1AB12BD6700C001B022F /* ResultTag.swift */; };
		30E724A82C0F7FD20082ED54 /* WhoisConnection.swift in Sources */ = {isa = PBXBuildFile; fileRef = 30E724A72C0F7FD20082ED54 /* WhoisConnection.swift */; };
		30E724BD2C11BC6B0082ED54 /* LoggerExtension.swift in Sources */ = {isa = PBXBuildFile; fileRef = 30E724BC2C11BC6B0082ED54 /* LoggerExtension.swift */; };
/* End PBXBuildFile section */

/* Begin PBXContainerItemProxy section */
		300367922B95D89700D3C84C /* PBXContainerItemProxy */ = {
			isa = PBXContainerItemProxy;
			containerPortal = 3003676B2B95CC1F00D3C84C /* Project object */;
			proxyType = 1;
			remoteGlobalIDString = 300367722B95CC1F00D3C84C;
			remoteInfo = LazyPhish;
		};
/* End PBXContainerItemProxy section */

/* Begin PBXFileReference section */
		300367732B95CC1F00D3C84C /* LazyPhish.app */ = {isa = PBXFileReference; explicitFileType = wrapper.application; includeInIndex = 0; path = LazyPhish.app; sourceTree = BUILT_PRODUCTS_DIR; };
		300367762B95CC1F00D3C84C /* LazyPhishApp.swift */ = {isa = PBXFileReference; lastKnownFileType = sourcecode.swift; path = LazyPhishApp.swift; sourceTree = "<group>"; };
		3003677C2B95CC2400D3C84C /* Assets.xcassets */ = {isa = PBXFileReference; lastKnownFileType = folder.assetcatalog; path = Assets.xcassets; sourceTree = "<group>"; };
		3003677F2B95CC2400D3C84C /* Preview Assets.xcassets */ = {isa = PBXFileReference; lastKnownFileType = folder.assetcatalog; path = "Preview Assets.xcassets"; sourceTree = "<group>"; };
		300367812B95CC2400D3C84C /* LazyPhish.entitlements */ = {isa = PBXFileReference; lastKnownFileType = text.plist.entitlements; path = LazyPhish.entitlements; sourceTree = "<group>"; };
		300367872B95CE5B00D3C84C /* PhishRequest.swift */ = {isa = PBXFileReference; lastKnownFileType = sourcecode.swift; path = PhishRequest.swift; sourceTree = "<group>"; };
		3003678E2B95D89700D3C84C /* LazyPhishTests.xctest */ = {isa = PBXFileReference; explicitFileType = wrapper.cfbundle; includeInIndex = 0; path = LazyPhishTests.xctest; sourceTree = BUILT_PRODUCTS_DIR; };
		300396602BA5BCD0001B6C2C /* MetricStatus.swift */ = {isa = PBXFileReference; lastKnownFileType = sourcecode.swift; path = MetricStatus.swift; sourceTree = "<group>"; };
		300396622BA5BD00001B6C2C /* RiskLevel.swift */ = {isa = PBXFileReference; lastKnownFileType = sourcecode.swift; path = RiskLevel.swift; sourceTree = "<group>"; };
		300396642BA5BF07001B6C2C /* PhishRequestQueue.swift */ = {isa = PBXFileReference; lastKnownFileType = sourcecode.swift; path = PhishRequestQueue.swift; sourceTree = "<group>"; };
		3003966B2BA7489F001B6C2C /* MultiRequestView.swift */ = {isa = PBXFileReference; lastKnownFileType = sourcecode.swift; path = MultiRequestView.swift; sourceTree = "<group>"; };
		3003966D2BA7494E001B6C2C /* MultiRequestVM.swift */ = {isa = PBXFileReference; lastKnownFileType = sourcecode.swift; path = MultiRequestVM.swift; sourceTree = "<group>"; };
		300396712BA74FEE001B6C2C /* PhishRequestSingle.swift */ = {isa = PBXFileReference; lastKnownFileType = sourcecode.swift; path = PhishRequestSingle.swift; sourceTree = "<group>"; };
		30137C432BD4108C00905B15 /* MainViewPageHolder.swift */ = {isa = PBXFileReference; lastKnownFileType = sourcecode.swift; path = MainViewPageHolder.swift; sourceTree = "<group>"; };
		30137C452BD410B500905B15 /* MainSelectedPage.swift */ = {isa = PBXFileReference; lastKnownFileType = sourcecode.swift; path = MainSelectedPage.swift; sourceTree = "<group>"; };
		3037D1562B9B6C280012104E /* MLEntry.swift */ = {isa = PBXFileReference; lastKnownFileType = sourcecode.swift; path = MLEntry.swift; sourceTree = "<group>"; };
		3037D1592B9B6C530012104E /* RequestError.swift */ = {isa = PBXFileReference; lastKnownFileType = sourcecode.swift; path = RequestError.swift; sourceTree = "<group>"; };
		3037D15B2B9B6CA00012104E /* OPRInfo.swift */ = {isa = PBXFileReference; lastKnownFileType = sourcecode.swift; path = OPRInfo.swift; sourceTree = "<group>"; };
		3038CE592C8594BB00379056 /* VirusTotalPipeline.swift */ = {isa = PBXFileReference; lastKnownFileType = sourcecode.swift; path = VirusTotalPipeline.swift; sourceTree = "<group>"; };
		3038CE5C2C86D88D00379056 /* ModuleBehavior.swift */ = {isa = PBXFileReference; lastKnownFileType = sourcecode.swift; path = ModuleBehavior.swift; sourceTree = "<group>"; };
		3038CE5E2C86EF3C00379056 /* VirusTotalModule.swift */ = {isa = PBXFileReference; lastKnownFileType = sourcecode.swift; path = VirusTotalModule.swift; sourceTree = "<group>"; };
		304BE3902C72F0B4001A2AB0 /* AnalyticsView.swift */ = {isa = PBXFileReference; lastKnownFileType = sourcecode.swift; path = AnalyticsView.swift; sourceTree = "<group>"; };
		304BE3932C73173C001A2AB0 /* PageButton.swift */ = {isa = PBXFileReference; lastKnownFileType = sourcecode.swift; path = PageButton.swift; sourceTree = "<group>"; };
		304BE3952C73819C001A2AB0 /* StatusView.swift */ = {isa = PBXFileReference; lastKnownFileType = sourcecode.swift; path = StatusView.swift; sourceTree = "<group>"; };
		304BE3972C7389EC001A2AB0 /* SettingsView.swift */ = {isa = PBXFileReference; lastKnownFileType = sourcecode.swift; path = SettingsView.swift; sourceTree = "<group>"; };
		304BE39A2C7C5A9A001A2AB0 /* KeysSettingsView.swift */ = {isa = PBXFileReference; lastKnownFileType = sourcecode.swift; path = KeysSettingsView.swift; sourceTree = "<group>"; };
		304BE39C2C7C5AE3001A2AB0 /* KeyService.swift */ = {isa = PBXFileReference; lastKnownFileType = sourcecode.swift; path = KeyService.swift; sourceTree = "<group>"; };
		304BE39F2C7DC983001A2AB0 /* BigToggleButton.swift */ = {isa = PBXFileReference; lastKnownFileType = sourcecode.swift; path = BigToggleButton.swift; sourceTree = "<group>"; };
		304BE3A22C7EF883001A2AB0 /* File.swift */ = {isa = PBXFileReference; lastKnownFileType = sourcecode.swift; path = File.swift; sourceTree = "<group>"; };
		304BE3A42C7EF9D3001A2AB0 /* OPRPipeline.swift */ = {isa = PBXFileReference; lastKnownFileType = sourcecode.swift; path = OPRPipeline.swift; sourceTree = "<group>"; };
		304BE3A62C7F11D5001A2AB0 /* WhoisPipeline.swift */ = {isa = PBXFileReference; lastKnownFileType = sourcecode.swift; path = WhoisPipeline.swift; sourceTree = "<group>"; };
		304BE3A82C7F1320001A2AB0 /* YandexSQIPipeline.swift */ = {isa = PBXFileReference; lastKnownFileType = sourcecode.swift; path = YandexSQIPipeline.swift; sourceTree = "<group>"; };
		307A27022BA5BA7F00B9D14A /* PhishInfo.swift */ = {isa = PBXFileReference; lastKnownFileType = sourcecode.swift; path = PhishInfo.swift; sourceTree = "<group>"; };
		307A27042BA5BABC00B9D14A /* PhishInfoRemote.swift */ = {isa = PBXFileReference; lastKnownFileType = sourcecode.swift; path = PhishInfoRemote.swift; sourceTree = "<group>"; };
		307CBC472BCC57D3004B68A8 /* PhishInfoFormatter.swift */ = {isa = PBXFileReference; lastKnownFileType = sourcecode.swift; path = PhishInfoFormatter.swift; sourceTree = "<group>"; };
		30815DF52BF3753D00A7DBAC /* ServerView.swift */ = {isa = PBXFileReference; lastKnownFileType = sourcecode.swift; path = ServerView.swift; sourceTree = "<group>"; };
		30815DF72BF3756500A7DBAC /* ServerVM.swift */ = {isa = PBXFileReference; lastKnownFileType = sourcecode.swift; path = ServerVM.swift; sourceTree = "<group>"; };
		30815DFA2BF37A1A00A7DBAC /* Server.swift */ = {isa = PBXFileReference; lastKnownFileType = sourcecode.swift; path = Server.swift; sourceTree = "<group>"; };
		30815DFF2BF3B55200A7DBAC /* PhishML.swift */ = {isa = PBXFileReference; lastKnownFileType = sourcecode.swift; path = PhishML.swift; sourceTree = "<group>"; };
		30815E012BF3B66C00A7DBAC /* LazyPhishML.mlpackage */ = {isa = PBXFileReference; lastKnownFileType = folder.mlpackage; path = LazyPhishML.mlpackage; sourceTree = "<group>"; };
		30AA73F42C806A400075FAD3 /* PhishingCard.swift */ = {isa = PBXFileReference; lastKnownFileType = sourcecode.swift; path = PhishingCard.swift; sourceTree = "<group>"; };
		30AF623B2BDABFA80004E8BF /* Authority.plist */ = {isa = PBXFileReference; lastKnownFileType = text.plist.xml; path = Authority.plist; sourceTree = "<group>"; };
		30AF623D2BDAC6310004E8BF /* PhishFile.swift */ = {isa = PBXFileReference; lastKnownFileType = sourcecode.swift; path = PhishFile.swift; sourceTree = "<group>"; };
		30B1C5CE2BD020E000D275D4 /* ThrowingOPRInfoList.swift */ = {isa = PBXFileReference; lastKnownFileType = sourcecode.swift; path = ThrowingOPRInfoList.swift; sourceTree = "<group>"; };
		30B1C5D42BD122A000D275D4 /* SingleRequestView.swift */ = {isa = PBXFileReference; fileEncoding = 4; lastKnownFileType = sourcecode.swift; path = SingleRequestView.swift; sourceTree = "<group>"; };
		30B1C5D62BD122AE00D275D4 /* SingleRequestVM.swift */ = {isa = PBXFileReference; fileEncoding = 4; lastKnownFileType = sourcecode.swift; path = SingleRequestVM.swift; sourceTree = "<group>"; };
		30B1C5D82BD122F300D275D4 /* MainView.swift */ = {isa = PBXFileReference; lastKnownFileType = sourcecode.swift; path = MainView.swift; sourceTree = "<group>"; };
		30B1C5DA2BD1231400D275D4 /* MainViewVM.swift */ = {isa = PBXFileReference; lastKnownFileType = sourcecode.swift; path = MainViewVM.swift; sourceTree = "<group>"; };
		30CE1AAA2BD58A8B001B022F /* GlobalVM.swift */ = {isa = PBXFileReference; lastKnownFileType = sourcecode.swift; path = GlobalVM.swift; sourceTree = "<group>"; };
		30CE1AB12BD6700C001B022F /* ResultTag.swift */ = {isa = PBXFileReference; lastKnownFileType = sourcecode.swift; path = ResultTag.swift; sourceTree = "<group>"; };
		30E724A72C0F7FD20082ED54 /* WhoisConnection.swift */ = {isa = PBXFileReference; lastKnownFileType = sourcecode.swift; path = WhoisConnection.swift; sourceTree = "<group>"; };
		30E724BC2C11BC6B0082ED54 /* LoggerExtension.swift */ = {isa = PBXFileReference; lastKnownFileType = sourcecode.swift; path = LoggerExtension.swift; sourceTree = "<group>"; };
/* End PBXFileReference section */

/* Begin PBXFrameworksBuildPhase section */
		300367702B95CC1F00D3C84C /* Frameworks */ = {
			isa = PBXFrameworksBuildPhase;
			buildActionMask = 2147483647;
			files = (
				30B9B9A72B9A13410063ADB3 /* Alamofire in Frameworks */,
				3037D15F2B9CA1B00012104E /* AlamofireImage in Frameworks */,
				30AF62412BDAC9420004E8BF /* CodableCSV in Frameworks */,
				30815DF42BF374B300A7DBAC /* Vapor in Frameworks */,
				30CE1AB02BD66CD9001B022F /* WrappingHStack in Frameworks */,
			);
			runOnlyForDeploymentPostprocessing = 0;
		};
		3003678B2B95D89700D3C84C /* Frameworks */ = {
			isa = PBXFrameworksBuildPhase;
			buildActionMask = 2147483647;
			files = (
			);
			runOnlyForDeploymentPostprocessing = 0;
		};
/* End PBXFrameworksBuildPhase section */

/* Begin PBXGroup section */
		3003676A2B95CC1F00D3C84C = {
			isa = PBXGroup;
			children = (
				300367752B95CC1F00D3C84C /* LazyPhish */,
				300367742B95CC1F00D3C84C /* Products */,
				3003679A2B97452500D3C84C /* Frameworks */,
			);
			sourceTree = "<group>";
		};
		300367742B95CC1F00D3C84C /* Products */ = {
			isa = PBXGroup;
			children = (
				300367732B95CC1F00D3C84C /* LazyPhish.app */,
				3003678E2B95D89700D3C84C /* LazyPhishTests.xctest */,
			);
			name = Products;
			sourceTree = "<group>";
		};
		300367752B95CC1F00D3C84C /* LazyPhish */ = {
			isa = PBXGroup;
			children = (
				30815DFC2BF3B4F100A7DBAC /* PhishML */,
				3003966A2BA6020C001B6C2C /* Views */,
				30B9B99F2B997F350063ADB3 /* ViewModels */,
				3037D1552B9B6C050012104E /* Models */,
				300367762B95CC1F00D3C84C /* LazyPhishApp.swift */,
				3003677C2B95CC2400D3C84C /* Assets.xcassets */,
				300367812B95CC2400D3C84C /* LazyPhish.entitlements */,
				3003677E2B95CC2400D3C84C /* Preview Content */,
				30AF623B2BDABFA80004E8BF /* Authority.plist */,
			);
			path = LazyPhish;
			sourceTree = "<group>";
		};
		3003677E2B95CC2400D3C84C /* Preview Content */ = {
			isa = PBXGroup;
			children = (
				3003677F2B95CC2400D3C84C /* Preview Assets.xcassets */,
			);
			path = "Preview Content";
			sourceTree = "<group>";
		};
		3003679A2B97452500D3C84C /* Frameworks */ = {
			isa = PBXGroup;
			children = (
			);
			name = Frameworks;
			sourceTree = "<group>";
		};
		3003965F2BA5BC1F001B6C2C /* Phishing */ = {
			isa = PBXGroup;
			children = (
				304BE3A12C7EF86A001A2AB0 /* Pipelines */,
				307CBC472BCC57D3004B68A8 /* PhishInfoFormatter.swift */,
				307A27022BA5BA7F00B9D14A /* PhishInfo.swift */,
				3037D1592B9B6C530012104E /* RequestError.swift */,
				300367872B95CE5B00D3C84C /* PhishRequest.swift */,
				300396642BA5BF07001B6C2C /* PhishRequestQueue.swift */,
				300396712BA74FEE001B6C2C /* PhishRequestSingle.swift */,
				3037D15B2B9B6CA00012104E /* OPRInfo.swift */,
				307A27042BA5BABC00B9D14A /* PhishInfoRemote.swift */,
				300396602BA5BCD0001B6C2C /* MetricStatus.swift */,
				304BE3A22C7EF883001A2AB0 /* File.swift */,
			);
			path = Phishing;
			sourceTree = "<group>";
		};
		3003966A2BA6020C001B6C2C /* Views */ = {
			isa = PBXGroup;
			children = (
				304BE39E2C7DC92E001A2AB0 /* ControlStyles */,
				304BE3922C7316F4001A2AB0 /* Controls */,
				30815DF52BF3753D00A7DBAC /* ServerView.swift */,
				30B1C5D42BD122A000D275D4 /* SingleRequestView.swift */,
				3003966B2BA7489F001B6C2C /* MultiRequestView.swift */,
				30B1C5D82BD122F300D275D4 /* MainView.swift */,
				304BE3902C72F0B4001A2AB0 /* AnalyticsView.swift */,
				304BE3972C7389EC001A2AB0 /* SettingsView.swift */,
				304BE39A2C7C5A9A001A2AB0 /* KeysSettingsView.swift */,
			);
			path = Views;
			sourceTree = "<group>";
		};
		30137C422BD4106300905B15 /* Frontend */ = {
			isa = PBXGroup;
			children = (
				30137C432BD4108C00905B15 /* MainViewPageHolder.swift */,
				30137C452BD410B500905B15 /* MainSelectedPage.swift */,
				30CE1AB12BD6700C001B022F /* ResultTag.swift */,
			);
			path = Frontend;
			sourceTree = "<group>";
		};
		3037D1552B9B6C050012104E /* Models */ = {
			isa = PBXGroup;
			children = (
				30815DF92BF37A0700A7DBAC /* Server */,
				30137C422BD4106300905B15 /* Frontend */,
				3003965F2BA5BC1F001B6C2C /* Phishing */,
				3037D1562B9B6C280012104E /* MLEntry.swift */,
				300396622BA5BD00001B6C2C /* RiskLevel.swift */,
				30B1C5CE2BD020E000D275D4 /* ThrowingOPRInfoList.swift */,
				30AF623D2BDAC6310004E8BF /* PhishFile.swift */,
				30E724A72C0F7FD20082ED54 /* WhoisConnection.swift */,
				30E724BC2C11BC6B0082ED54 /* LoggerExtension.swift */,
				304BE39C2C7C5AE3001A2AB0 /* KeyService.swift */,
			);
			path = Models;
			sourceTree = "<group>";
		};
		3038CE5B2C85C2BD00379056 /* VirusTotal */ = {
			isa = PBXGroup;
			children = (
				3038CE592C8594BB00379056 /* VirusTotalPipeline.swift */,
				3038CE5E2C86EF3C00379056 /* VirusTotalModule.swift */,
			);
			path = VirusTotal;
			sourceTree = "<group>";
		};
		304BE3922C7316F4001A2AB0 /* Controls */ = {
			isa = PBXGroup;
			children = (
				304BE3932C73173C001A2AB0 /* PageButton.swift */,
				304BE3952C73819C001A2AB0 /* StatusView.swift */,
				30AA73F42C806A400075FAD3 /* PhishingCard.swift */,
			);
			path = Controls;
			sourceTree = "<group>";
		};
		304BE39E2C7DC92E001A2AB0 /* ControlStyles */ = {
			isa = PBXGroup;
			children = (
				304BE39F2C7DC983001A2AB0 /* BigToggleButton.swift */,
			);
			path = ControlStyles;
			sourceTree = "<group>";
		};
		304BE3A12C7EF86A001A2AB0 /* Pipelines */ = {
			isa = PBXGroup;
			children = (
				3038CE5B2C85C2BD00379056 /* VirusTotal */,
				304BE3A42C7EF9D3001A2AB0 /* OPRPipeline.swift */,
				304BE3A62C7F11D5001A2AB0 /* WhoisPipeline.swift */,
				304BE3A82C7F1320001A2AB0 /* YandexSQIPipeline.swift */,
				3038CE5C2C86D88D00379056 /* ModuleBehavior.swift */,
			);
			path = Pipelines;
			sourceTree = "<group>";
		};
		30815DF92BF37A0700A7DBAC /* Server */ = {
			isa = PBXGroup;
			children = (
				30815DFA2BF37A1A00A7DBAC /* Server.swift */,
			);
			path = Server;
			sourceTree = "<group>";
		};
		30815DFC2BF3B4F100A7DBAC /* PhishML */ = {
			isa = PBXGroup;
			children = (
				30815E012BF3B66C00A7DBAC /* LazyPhishML.mlpackage */,
				30815DFF2BF3B55200A7DBAC /* PhishML.swift */,
			);
			path = PhishML;
			sourceTree = "<group>";
		};
		30B9B99F2B997F350063ADB3 /* ViewModels */ = {
			isa = PBXGroup;
			children = (
				30B1C5D62BD122AE00D275D4 /* SingleRequestVM.swift */,
				3003966D2BA7494E001B6C2C /* MultiRequestVM.swift */,
				30B1C5DA2BD1231400D275D4 /* MainViewVM.swift */,
				30CE1AAA2BD58A8B001B022F /* GlobalVM.swift */,
				30815DF72BF3756500A7DBAC /* ServerVM.swift */,
			);
			path = ViewModels;
			sourceTree = "<group>";
		};
/* End PBXGroup section */

/* Begin PBXNativeTarget section */
		300367722B95CC1F00D3C84C /* LazyPhish */ = {
			isa = PBXNativeTarget;
			buildConfigurationList = 300367842B95CC2400D3C84C /* Build configuration list for PBXNativeTarget "LazyPhish" */;
			buildPhases = (
				3003676F2B95CC1F00D3C84C /* Sources */,
				300367702B95CC1F00D3C84C /* Frameworks */,
				300367712B95CC1F00D3C84C /* Resources */,
				307CBC462BCA68CC004B68A8 /* ShellScript */,
			);
			buildRules = (
			);
			dependencies = (
			);
			name = LazyPhish;
			packageProductDependencies = (
				30B9B9A62B9A13410063ADB3 /* Alamofire */,
				3037D15E2B9CA1B00012104E /* AlamofireImage */,
				30CE1AAF2BD66CD9001B022F /* WrappingHStack */,
				30AF62402BDAC9420004E8BF /* CodableCSV */,
				30815DF32BF374B300A7DBAC /* Vapor */,
			);
			productName = LazyPhish;
			productReference = 300367732B95CC1F00D3C84C /* LazyPhish.app */;
			productType = "com.apple.product-type.application";
		};
		3003678D2B95D89700D3C84C /* LazyPhishTests */ = {
			isa = PBXNativeTarget;
			buildConfigurationList = 300367942B95D89700D3C84C /* Build configuration list for PBXNativeTarget "LazyPhishTests" */;
			buildPhases = (
				3003678A2B95D89700D3C84C /* Sources */,
				3003678B2B95D89700D3C84C /* Frameworks */,
				3003678C2B95D89700D3C84C /* Resources */,
			);
			buildRules = (
			);
			dependencies = (
				300367932B95D89700D3C84C /* PBXTargetDependency */,
			);
			name = LazyPhishTests;
			packageProductDependencies = (
			);
			productName = LazyPhishTests;
			productReference = 3003678E2B95D89700D3C84C /* LazyPhishTests.xctest */;
			productType = "com.apple.product-type.bundle.unit-test";
		};
/* End PBXNativeTarget section */

/* Begin PBXProject section */
		3003676B2B95CC1F00D3C84C /* Project object */ = {
			isa = PBXProject;
			attributes = {
				BuildIndependentTargetsInParallel = 1;
				LastSwiftUpdateCheck = 1520;
				LastUpgradeCheck = 1530;
				TargetAttributes = {
					300367722B95CC1F00D3C84C = {
						CreatedOnToolsVersion = 15.2;
					};
					3003678D2B95D89700D3C84C = {
						CreatedOnToolsVersion = 15.2;
						TestTargetID = 300367722B95CC1F00D3C84C;
					};
				};
			};
			buildConfigurationList = 3003676E2B95CC1F00D3C84C /* Build configuration list for PBXProject "LazyPhish" */;
			compatibilityVersion = "Xcode 14.0";
			developmentRegion = en;
			hasScannedForEncodings = 0;
			knownRegions = (
				en,
				Base,
			);
			mainGroup = 3003676A2B95CC1F00D3C84C;
			packageReferences = (
				30B9B9A22B9A0ABF0063ADB3 /* XCRemoteSwiftPackageReference "SwiftSoup" */,
				30B9B9A52B9A101D0063ADB3 /* XCRemoteSwiftPackageReference "Alamofire" */,
				3037D15D2B9CA1B00012104E /* XCRemoteSwiftPackageReference "AlamofireImage" */,
				30CE1AAE2BD66C72001B022F /* XCRemoteSwiftPackageReference "WrappingHStack" */,
				30AF623F2BDAC9420004E8BF /* XCRemoteSwiftPackageReference "CodableCSV" */,
				30815DF22BF374B300A7DBAC /* XCRemoteSwiftPackageReference "vapor" */,
			);
			productRefGroup = 300367742B95CC1F00D3C84C /* Products */;
			projectDirPath = "";
			projectRoot = "";
			targets = (
				300367722B95CC1F00D3C84C /* LazyPhish */,
				3003678D2B95D89700D3C84C /* LazyPhishTests */,
			);
		};
/* End PBXProject section */

/* Begin PBXResourcesBuildPhase section */
		300367712B95CC1F00D3C84C /* Resources */ = {
			isa = PBXResourcesBuildPhase;
			buildActionMask = 2147483647;
			files = (
				300367802B95CC2400D3C84C /* Preview Assets.xcassets in Resources */,
				3003677D2B95CC2400D3C84C /* Assets.xcassets in Resources */,
				30AF623C2BDABFA80004E8BF /* Authority.plist in Resources */,
			);
			runOnlyForDeploymentPostprocessing = 0;
		};
		3003678C2B95D89700D3C84C /* Resources */ = {
			isa = PBXResourcesBuildPhase;
			buildActionMask = 2147483647;
			files = (
			);
			runOnlyForDeploymentPostprocessing = 0;
		};
/* End PBXResourcesBuildPhase section */

/* Begin PBXShellScriptBuildPhase section */
		307CBC462BCA68CC004B68A8 /* ShellScript */ = {
			isa = PBXShellScriptBuildPhase;
			alwaysOutOfDate = 1;
			buildActionMask = 12;
			files = (
			);
			inputFileListPaths = (
			);
			inputPaths = (
			);
			outputFileListPaths = (
			);
			outputPaths = (
			);
			runOnlyForDeploymentPostprocessing = 0;
			shellPath = /bin/sh;
			shellScript = "# Type a script or drag a script file from your workspace to insert its path.\nif which swiftlint >/dev/null; then\n  swiftlint\nelse\n  echo \"error: SwiftLint does not exist, download it from https://github.com/realm/SwiftLint\"\n  exit 1\nfi\n";
		};
/* End PBXShellScriptBuildPhase section */

/* Begin PBXSourcesBuildPhase section */
		3003676F2B95CC1F00D3C84C /* Sources */ = {
			isa = PBXSourcesBuildPhase;
			buildActionMask = 2147483647;
			files = (
				304BE3982C7389EC001A2AB0 /* SettingsView.swift in Sources */,
				30815DF62BF3753D00A7DBAC /* ServerView.swift in Sources */,
				3038CE5D2C86D88D00379056 /* ModuleBehavior.swift in Sources */,
				30AF623E2BDAC6310004E8BF /* PhishFile.swift in Sources */,
				304BE39B2C7C5A9B001A2AB0 /* KeysSettingsView.swift in Sources */,
				3003966C2BA7489F001B6C2C /* MultiRequestView.swift in Sources */,
				3038CE5F2C86EF3C00379056 /* VirusTotalModule.swift in Sources */,
				304BE39D2C7C5AE3001A2AB0 /* KeyService.swift in Sources */,
				30137C442BD4108C00905B15 /* MainViewPageHolder.swift in Sources */,
				300396632BA5BD00001B6C2C /* RiskLevel.swift in Sources */,
				3037D15C2B9B6CA00012104E /* OPRInfo.swift in Sources */,
				30E724A82C0F7FD20082ED54 /* WhoisConnection.swift in Sources */,
				3038CE5A2C8594BB00379056 /* VirusTotalPipeline.swift in Sources */,
				304BE3A32C7EF883001A2AB0 /* File.swift in Sources */,
				304BE3A52C7EF9D3001A2AB0 /* OPRPipeline.swift in Sources */,
				307CBC482BCC57D3004B68A8 /* PhishInfoFormatter.swift in Sources */,
				307A27052BA5BABC00B9D14A /* PhishInfoRemote.swift in Sources */,
				304BE3A92C7F1320001A2AB0 /* YandexSQIPipeline.swift in Sources */,
				30B1C5CF2BD020E000D275D4 /* ThrowingOPRInfoList.swift in Sources */,
				30815E022BF3B66C00A7DBAC /* LazyPhishML.mlpackage in Sources */,
				307A27032BA5BA7F00B9D14A /* PhishInfo.swift in Sources */,
				304BE3962C73819C001A2AB0 /* StatusView.swift in Sources */,
				30137C462BD410B500905B15 /* MainSelectedPage.swift in Sources */,
				30E724BD2C11BC6B0082ED54 /* LoggerExtension.swift in Sources */,
				3003966E2BA7494E001B6C2C /* MultiRequestVM.swift in Sources */,
				30B1C5D52BD122A000D275D4 /* SingleRequestView.swift in Sources */,
				3037D15A2B9B6C530012104E /* RequestError.swift in Sources */,
				304BE3912C72F0B5001A2AB0 /* AnalyticsView.swift in Sources */,
				304BE3A02C7DC983001A2AB0 /* BigToggleButton.swift in Sources */,
				30815DFB2BF37A1A00A7DBAC /* Server.swift in Sources */,
				30B1C5D72BD122AE00D275D4 /* SingleRequestVM.swift in Sources */,
				30CE1AB22BD6700C001B022F /* ResultTag.swift in Sources */,
				30B1C5D92BD122F300D275D4 /* MainView.swift in Sources */,
				30B1C5DB2BD1231400D275D4 /* MainViewVM.swift in Sources */,
				30CE1AAB2BD58A8B001B022F /* GlobalVM.swift in Sources */,
				300396722BA74FEE001B6C2C /* PhishRequestSingle.swift in Sources */,
				300367772B95CC1F00D3C84C /* LazyPhishApp.swift in Sources */,
				304BE3942C73173C001A2AB0 /* PageButton.swift in Sources */,
				300396652BA5BF07001B6C2C /* PhishRequestQueue.swift in Sources */,
				3037D1572B9B6C280012104E /* MLEntry.swift in Sources */,
				300367882B95CE5B00D3C84C /* PhishRequest.swift in Sources */,
				30AA73F52C806A400075FAD3 /* PhishingCard.swift in Sources */,
				300396612BA5BCD0001B6C2C /* MetricStatus.swift in Sources */,
				30815DF82BF3756500A7DBAC /* ServerVM.swift in Sources */,
				30815E002BF3B55200A7DBAC /* PhishML.swift in Sources */,
				304BE3A72C7F11D5001A2AB0 /* WhoisPipeline.swift in Sources */,
			);
			runOnlyForDeploymentPostprocessing = 0;
		};
		3003678A2B95D89700D3C84C /* Sources */ = {
			isa = PBXSourcesBuildPhase;
			buildActionMask = 2147483647;
			files = (
			);
			runOnlyForDeploymentPostprocessing = 0;
		};
/* End PBXSourcesBuildPhase section */

/* Begin PBXTargetDependency section */
		300367932B95D89700D3C84C /* PBXTargetDependency */ = {
			isa = PBXTargetDependency;
			target = 300367722B95CC1F00D3C84C /* LazyPhish */;
			targetProxy = 300367922B95D89700D3C84C /* PBXContainerItemProxy */;
		};
/* End PBXTargetDependency section */

/* Begin XCBuildConfiguration section */
		300367822B95CC2400D3C84C /* Debug */ = {
			isa = XCBuildConfiguration;
			buildSettings = {
				ALWAYS_SEARCH_USER_PATHS = NO;
				ASSETCATALOG_COMPILER_GENERATE_SWIFT_ASSET_SYMBOL_EXTENSIONS = YES;
				CLANG_ANALYZER_NONNULL = YES;
				CLANG_ANALYZER_NUMBER_OBJECT_CONVERSION = YES_AGGRESSIVE;
				CLANG_CXX_LANGUAGE_STANDARD = "gnu++20";
				CLANG_ENABLE_MODULES = YES;
				CLANG_ENABLE_OBJC_ARC = YES;
				CLANG_ENABLE_OBJC_WEAK = YES;
				CLANG_WARN_BLOCK_CAPTURE_AUTORELEASING = YES;
				CLANG_WARN_BOOL_CONVERSION = YES;
				CLANG_WARN_COMMA = YES;
				CLANG_WARN_CONSTANT_CONVERSION = YES;
				CLANG_WARN_DEPRECATED_OBJC_IMPLEMENTATIONS = YES;
				CLANG_WARN_DIRECT_OBJC_ISA_USAGE = YES_ERROR;
				CLANG_WARN_DOCUMENTATION_COMMENTS = YES;
				CLANG_WARN_EMPTY_BODY = YES;
				CLANG_WARN_ENUM_CONVERSION = YES;
				CLANG_WARN_INFINITE_RECURSION = YES;
				CLANG_WARN_INT_CONVERSION = YES;
				CLANG_WARN_NON_LITERAL_NULL_CONVERSION = YES;
				CLANG_WARN_OBJC_IMPLICIT_RETAIN_SELF = YES;
				CLANG_WARN_OBJC_LITERAL_CONVERSION = YES;
				CLANG_WARN_OBJC_ROOT_CLASS = YES_ERROR;
				CLANG_WARN_QUOTED_INCLUDE_IN_FRAMEWORK_HEADER = YES;
				CLANG_WARN_RANGE_LOOP_ANALYSIS = YES;
				CLANG_WARN_STRICT_PROTOTYPES = YES;
				CLANG_WARN_SUSPICIOUS_MOVE = YES;
				CLANG_WARN_UNGUARDED_AVAILABILITY = YES_AGGRESSIVE;
				CLANG_WARN_UNREACHABLE_CODE = YES;
				CLANG_WARN__DUPLICATE_METHOD_MATCH = YES;
				COPY_PHASE_STRIP = NO;
				DEAD_CODE_STRIPPING = YES;
				DEBUG_INFORMATION_FORMAT = dwarf;
				ENABLE_STRICT_OBJC_MSGSEND = YES;
				ENABLE_TESTABILITY = YES;
				ENABLE_USER_SCRIPT_SANDBOXING = NO;
				GCC_C_LANGUAGE_STANDARD = gnu17;
				GCC_DYNAMIC_NO_PIC = NO;
				GCC_NO_COMMON_BLOCKS = YES;
				GCC_OPTIMIZATION_LEVEL = 0;
				GCC_PREPROCESSOR_DEFINITIONS = (
					"DEBUG=1",
					"$(inherited)",
				);
				GCC_WARN_64_TO_32_BIT_CONVERSION = YES;
				GCC_WARN_ABOUT_RETURN_TYPE = YES_ERROR;
				GCC_WARN_UNDECLARED_SELECTOR = YES;
				GCC_WARN_UNINITIALIZED_AUTOS = YES_AGGRESSIVE;
				GCC_WARN_UNUSED_FUNCTION = YES;
				GCC_WARN_UNUSED_VARIABLE = YES;
				LOCALIZATION_PREFERS_STRING_CATALOGS = YES;
				MACOSX_DEPLOYMENT_TARGET = 13.0;
				MTL_ENABLE_DEBUG_INFO = INCLUDE_SOURCE;
				MTL_FAST_MATH = YES;
				ONLY_ACTIVE_ARCH = YES;
				SDKROOT = macosx;
				SWIFT_ACTIVE_COMPILATION_CONDITIONS = "DEBUG $(inherited)";
				SWIFT_OPTIMIZATION_LEVEL = "-Onone";
			};
			name = Debug;
		};
		300367832B95CC2400D3C84C /* Release */ = {
			isa = XCBuildConfiguration;
			buildSettings = {
				ALWAYS_SEARCH_USER_PATHS = NO;
				ASSETCATALOG_COMPILER_GENERATE_SWIFT_ASSET_SYMBOL_EXTENSIONS = YES;
				CLANG_ANALYZER_NONNULL = YES;
				CLANG_ANALYZER_NUMBER_OBJECT_CONVERSION = YES_AGGRESSIVE;
				CLANG_CXX_LANGUAGE_STANDARD = "gnu++20";
				CLANG_ENABLE_MODULES = YES;
				CLANG_ENABLE_OBJC_ARC = YES;
				CLANG_ENABLE_OBJC_WEAK = YES;
				CLANG_WARN_BLOCK_CAPTURE_AUTORELEASING = YES;
				CLANG_WARN_BOOL_CONVERSION = YES;
				CLANG_WARN_COMMA = YES;
				CLANG_WARN_CONSTANT_CONVERSION = YES;
				CLANG_WARN_DEPRECATED_OBJC_IMPLEMENTATIONS = YES;
				CLANG_WARN_DIRECT_OBJC_ISA_USAGE = YES_ERROR;
				CLANG_WARN_DOCUMENTATION_COMMENTS = YES;
				CLANG_WARN_EMPTY_BODY = YES;
				CLANG_WARN_ENUM_CONVERSION = YES;
				CLANG_WARN_INFINITE_RECURSION = YES;
				CLANG_WARN_INT_CONVERSION = YES;
				CLANG_WARN_NON_LITERAL_NULL_CONVERSION = YES;
				CLANG_WARN_OBJC_IMPLICIT_RETAIN_SELF = YES;
				CLANG_WARN_OBJC_LITERAL_CONVERSION = YES;
				CLANG_WARN_OBJC_ROOT_CLASS = YES_ERROR;
				CLANG_WARN_QUOTED_INCLUDE_IN_FRAMEWORK_HEADER = YES;
				CLANG_WARN_RANGE_LOOP_ANALYSIS = YES;
				CLANG_WARN_STRICT_PROTOTYPES = YES;
				CLANG_WARN_SUSPICIOUS_MOVE = YES;
				CLANG_WARN_UNGUARDED_AVAILABILITY = YES_AGGRESSIVE;
				CLANG_WARN_UNREACHABLE_CODE = YES;
				CLANG_WARN__DUPLICATE_METHOD_MATCH = YES;
				COPY_PHASE_STRIP = NO;
				DEAD_CODE_STRIPPING = YES;
				DEBUG_INFORMATION_FORMAT = "dwarf-with-dsym";
				ENABLE_NS_ASSERTIONS = NO;
				ENABLE_STRICT_OBJC_MSGSEND = YES;
				ENABLE_USER_SCRIPT_SANDBOXING = NO;
				GCC_C_LANGUAGE_STANDARD = gnu17;
				GCC_NO_COMMON_BLOCKS = YES;
				GCC_WARN_64_TO_32_BIT_CONVERSION = YES;
				GCC_WARN_ABOUT_RETURN_TYPE = YES_ERROR;
				GCC_WARN_UNDECLARED_SELECTOR = YES;
				GCC_WARN_UNINITIALIZED_AUTOS = YES_AGGRESSIVE;
				GCC_WARN_UNUSED_FUNCTION = YES;
				GCC_WARN_UNUSED_VARIABLE = YES;
				LOCALIZATION_PREFERS_STRING_CATALOGS = YES;
				MACOSX_DEPLOYMENT_TARGET = 13.0;
				MTL_ENABLE_DEBUG_INFO = NO;
				MTL_FAST_MATH = YES;
				SDKROOT = macosx;
				SWIFT_COMPILATION_MODE = wholemodule;
			};
			name = Release;
		};
		300367852B95CC2400D3C84C /* Debug */ = {
			isa = XCBuildConfiguration;
			buildSettings = {
				ASSETCATALOG_COMPILER_APPICON_NAME = AppIcon;
				ASSETCATALOG_COMPILER_GLOBAL_ACCENT_COLOR_NAME = AccentColor;
				CODE_SIGN_ENTITLEMENTS = LazyPhish/LazyPhish.entitlements;
				"CODE_SIGN_IDENTITY[sdk=macosx*]" = "Apple Development";
				CODE_SIGN_STYLE = Automatic;
				COMBINE_HIDPI_IMAGES = YES;
				CURRENT_PROJECT_VERSION = 1;
				DEAD_CODE_STRIPPING = YES;
				DEVELOPMENT_ASSET_PATHS = "\"LazyPhish/Preview Content\"";
				DEVELOPMENT_TEAM = BX3ASU46J7;
				ENABLE_HARDENED_RUNTIME = YES;
				ENABLE_PREVIEWS = YES;
				ENABLE_USER_SCRIPT_SANDBOXING = NO;
				GENERATE_INFOPLIST_FILE = YES;
				INFOPLIST_KEY_LSApplicationCategoryType = "public.app-category.developer-tools";
				INFOPLIST_KEY_NSHumanReadableCopyright = "";
				LD_RUNPATH_SEARCH_PATHS = (
					"$(inherited)",
					"@executable_path/../Frameworks",
				);
				MACOSX_DEPLOYMENT_TARGET = 13.0;
				MARKETING_VERSION = 1.0;
				PRODUCT_BUNDLE_IDENTIFIER = LazyFusion.LazyPhish;
				PRODUCT_NAME = "$(TARGET_NAME)";
				SWIFT_EMIT_LOC_STRINGS = YES;
				SWIFT_VERSION = 5.0;
			};
			name = Debug;
		};
		300367862B95CC2400D3C84C /* Release */ = {
			isa = XCBuildConfiguration;
			buildSettings = {
				ASSETCATALOG_COMPILER_APPICON_NAME = AppIcon;
				ASSETCATALOG_COMPILER_GLOBAL_ACCENT_COLOR_NAME = AccentColor;
				CODE_SIGN_ENTITLEMENTS = LazyPhish/LazyPhish.entitlements;
				"CODE_SIGN_IDENTITY[sdk=macosx*]" = "Apple Development";
				CODE_SIGN_STYLE = Automatic;
				COMBINE_HIDPI_IMAGES = YES;
				CURRENT_PROJECT_VERSION = 1;
				DEAD_CODE_STRIPPING = YES;
				DEVELOPMENT_ASSET_PATHS = "\"LazyPhish/Preview Content\"";
				DEVELOPMENT_TEAM = BX3ASU46J7;
				ENABLE_HARDENED_RUNTIME = YES;
				ENABLE_PREVIEWS = YES;
				ENABLE_USER_SCRIPT_SANDBOXING = NO;
				GENERATE_INFOPLIST_FILE = YES;
				INFOPLIST_KEY_LSApplicationCategoryType = "public.app-category.developer-tools";
				INFOPLIST_KEY_NSHumanReadableCopyright = "";
				LD_RUNPATH_SEARCH_PATHS = (
					"$(inherited)",
					"@executable_path/../Frameworks",
				);
				MACOSX_DEPLOYMENT_TARGET = 13.0;
				MARKETING_VERSION = 1.0;
				PRODUCT_BUNDLE_IDENTIFIER = LazyFusion.LazyPhish;
				PRODUCT_NAME = "$(TARGET_NAME)";
				SWIFT_EMIT_LOC_STRINGS = YES;
				SWIFT_VERSION = 5.0;
			};
			name = Release;
		};
		300367952B95D89700D3C84C /* Debug */ = {
			isa = XCBuildConfiguration;
			buildSettings = {
				BUNDLE_LOADER = "$(TEST_HOST)";
				CODE_SIGN_STYLE = Automatic;
				CURRENT_PROJECT_VERSION = 1;
				DEAD_CODE_STRIPPING = YES;
				DEVELOPMENT_TEAM = BX3ASU46J7;
				ENABLE_USER_SCRIPT_SANDBOXING = NO;
				GENERATE_INFOPLIST_FILE = YES;
				MARKETING_VERSION = 1.0;
				PRODUCT_BUNDLE_IDENTIFIER = LazyFusion.LazyPhishTests;
				PRODUCT_NAME = "$(TARGET_NAME)";
				SWIFT_EMIT_LOC_STRINGS = NO;
				SWIFT_VERSION = 5.0;
				TEST_HOST = "$(BUILT_PRODUCTS_DIR)/LazyPhish.app/$(BUNDLE_EXECUTABLE_FOLDER_PATH)/LazyPhish";
			};
			name = Debug;
		};
		300367962B95D89700D3C84C /* Release */ = {
			isa = XCBuildConfiguration;
			buildSettings = {
				BUNDLE_LOADER = "$(TEST_HOST)";
				CODE_SIGN_STYLE = Automatic;
				CURRENT_PROJECT_VERSION = 1;
				DEAD_CODE_STRIPPING = YES;
				DEVELOPMENT_TEAM = BX3ASU46J7;
				ENABLE_USER_SCRIPT_SANDBOXING = NO;
				GENERATE_INFOPLIST_FILE = YES;
				MARKETING_VERSION = 1.0;
				PRODUCT_BUNDLE_IDENTIFIER = LazyFusion.LazyPhishTests;
				PRODUCT_NAME = "$(TARGET_NAME)";
				SWIFT_EMIT_LOC_STRINGS = NO;
				SWIFT_VERSION = 5.0;
				TEST_HOST = "$(BUILT_PRODUCTS_DIR)/LazyPhish.app/$(BUNDLE_EXECUTABLE_FOLDER_PATH)/LazyPhish";
			};
			name = Release;
		};
/* End XCBuildConfiguration section */

/* Begin XCConfigurationList section */
		3003676E2B95CC1F00D3C84C /* Build configuration list for PBXProject "LazyPhish" */ = {
			isa = XCConfigurationList;
			buildConfigurations = (
				300367822B95CC2400D3C84C /* Debug */,
				300367832B95CC2400D3C84C /* Release */,
			);
			defaultConfigurationIsVisible = 0;
			defaultConfigurationName = Release;
		};
		300367842B95CC2400D3C84C /* Build configuration list for PBXNativeTarget "LazyPhish" */ = {
			isa = XCConfigurationList;
			buildConfigurations = (
				300367852B95CC2400D3C84C /* Debug */,
				300367862B95CC2400D3C84C /* Release */,
			);
			defaultConfigurationIsVisible = 0;
			defaultConfigurationName = Release;
		};
		300367942B95D89700D3C84C /* Build configuration list for PBXNativeTarget "LazyPhishTests" */ = {
			isa = XCConfigurationList;
			buildConfigurations = (
				300367952B95D89700D3C84C /* Debug */,
				300367962B95D89700D3C84C /* Release */,
			);
			defaultConfigurationIsVisible = 0;
			defaultConfigurationName = Release;
		};
/* End XCConfigurationList section */

/* Begin XCRemoteSwiftPackageReference section */
		3037D15D2B9CA1B00012104E /* XCRemoteSwiftPackageReference "AlamofireImage" */ = {
			isa = XCRemoteSwiftPackageReference;
			repositoryURL = "https://github.com/Alamofire/AlamofireImage";
			requirement = {
				kind = upToNextMajorVersion;
				minimumVersion = 4.3.0;
			};
		};
		30815DF22BF374B300A7DBAC /* XCRemoteSwiftPackageReference "vapor" */ = {
			isa = XCRemoteSwiftPackageReference;
			repositoryURL = "https://github.com/vapor/vapor";
			requirement = {
				kind = upToNextMajorVersion;
				minimumVersion = 4.99.3;
			};
		};
		30AF623F2BDAC9420004E8BF /* XCRemoteSwiftPackageReference "CodableCSV" */ = {
			isa = XCRemoteSwiftPackageReference;
			repositoryURL = "https://github.com/dehesa/CodableCSV";
			requirement = {
				kind = upToNextMajorVersion;
				minimumVersion = 0.6.7;
			};
		};
		30B9B9A22B9A0ABF0063ADB3 /* XCRemoteSwiftPackageReference "SwiftSoup" */ = {
			isa = XCRemoteSwiftPackageReference;
			repositoryURL = "https://github.com/scinfu/SwiftSoup";
			requirement = {
				kind = upToNextMajorVersion;
				minimumVersion = 2.7.1;
			};
		};
		30B9B9A52B9A101D0063ADB3 /* XCRemoteSwiftPackageReference "Alamofire" */ = {
			isa = XCRemoteSwiftPackageReference;
			repositoryURL = "https://github.com/Alamofire/Alamofire";
			requirement = {
				kind = upToNextMajorVersion;
				minimumVersion = 5.9.0;
			};
		};
		30CE1AAE2BD66C72001B022F /* XCRemoteSwiftPackageReference "WrappingHStack" */ = {
			isa = XCRemoteSwiftPackageReference;
			repositoryURL = "https://github.com/dkk/WrappingHStack";
			requirement = {
				kind = upToNextMajorVersion;
				minimumVersion = 2.2.11;
			};
		};
/* End XCRemoteSwiftPackageReference section */

/* Begin XCSwiftPackageProductDependency section */
		3037D15E2B9CA1B00012104E /* AlamofireImage */ = {
			isa = XCSwiftPackageProductDependency;
			package = 3037D15D2B9CA1B00012104E /* XCRemoteSwiftPackageReference "AlamofireImage" */;
			productName = AlamofireImage;
		};
		30815DF32BF374B300A7DBAC /* Vapor */ = {
			isa = XCSwiftPackageProductDependency;
			package = 30815DF22BF374B300A7DBAC /* XCRemoteSwiftPackageReference "vapor" */;
			productName = Vapor;
		};
		30AF62402BDAC9420004E8BF /* CodableCSV */ = {
			isa = XCSwiftPackageProductDependency;
			package = 30AF623F2BDAC9420004E8BF /* XCRemoteSwiftPackageReference "CodableCSV" */;
			productName = CodableCSV;
		};
		30B9B9A62B9A13410063ADB3 /* Alamofire */ = {
			isa = XCSwiftPackageProductDependency;
			package = 30B9B9A52B9A101D0063ADB3 /* XCRemoteSwiftPackageReference "Alamofire" */;
			productName = Alamofire;
		};
		30CE1AAF2BD66CD9001B022F /* WrappingHStack */ = {
			isa = XCSwiftPackageProductDependency;
			package = 30CE1AAE2BD66C72001B022F /* XCRemoteSwiftPackageReference "WrappingHStack" */;
			productName = WrappingHStack;
		};
/* End XCSwiftPackageProductDependency section */
	};
	rootObject = 3003676B2B95CC1F00D3C84C /* Project object */;
}
